// !$*UTF8*$!
{
	archiveVersion = 1;
	classes = {
	};
	objectVersion = 46;
	objects = {

/* Begin PBXBuildFile section */
		4003F7801BDF2F5400137258 /* YNCityTableViewController.swift in Sources */ = {isa = PBXBuildFile; fileRef = 4003F7771BDF2F5400137258 /* YNCityTableViewController.swift */; };
		4003F7811BDF2F5400137258 /* YNHTTPGetCityTool.swift in Sources */ = {isa = PBXBuildFile; fileRef = 4003F7781BDF2F5400137258 /* YNHTTPGetCityTool.swift */; };
		4003F7821BDF2F5400137258 /* YNProvinceTableViewController.swift in Sources */ = {isa = PBXBuildFile; fileRef = 4003F7791BDF2F5400137258 /* YNProvinceTableViewController.swift */; };
		4003F7831BDF2F5400137258 /* YNModifytextViewController.swift in Sources */ = {isa = PBXBuildFile; fileRef = 4003F77B1BDF2F5400137258 /* YNModifytextViewController.swift */; };
		4003F7841BDF2F5400137258 /* YNHttpTool.swift in Sources */ = {isa = PBXBuildFile; fileRef = 4003F77E1BDF2F5400137258 /* YNHttpTool.swift */; };
		4003F7861BDF2F9600137258 /* YNUserInformationModel.swift in Sources */ = {isa = PBXBuildFile; fileRef = 4003F7851BDF2F9600137258 /* YNUserInformationModel.swift */; };
		4003F7881BDF625800137258 /* YNBaseCityModel.swift in Sources */ = {isa = PBXBuildFile; fileRef = 4003F7871BDF625800137258 /* YNBaseCityModel.swift */; };
		400FFC091C0ED9D10039B653 /* YNQuestionModelConstant.swift in Sources */ = {isa = PBXBuildFile; fileRef = 400FFC081C0ED9D10039B653 /* YNQuestionModelConstant.swift */; };
		4010A6861C30DDF700A38075 /* YNOfflineQuestionListViewController.swift in Sources */ = {isa = PBXBuildFile; fileRef = 4010A6851C30DDF700A38075 /* YNOfflineQuestionListViewController.swift */; };
		401AD68D1BF03AAB00E747BF /* YNCategoryTableViewCell.swift in Sources */ = {isa = PBXBuildFile; fileRef = 401AD68C1BF03AAB00E747BF /* YNCategoryTableViewCell.swift */; };
		401AD68F1BF04BC500E747BF /* YNProductCollectionViewCell.swift in Sources */ = {isa = PBXBuildFile; fileRef = 401AD68E1BF04BC500E747BF /* YNProductCollectionViewCell.swift */; };
		401AD6911BF04E5400E747BF /* YNHttpLoadCategory.swift in Sources */ = {isa = PBXBuildFile; fileRef = 401AD6901BF04E5400E747BF /* YNHttpLoadCategory.swift */; };
		401AD6931BF0522200E747BF /* YNCategoeyModel.swift in Sources */ = {isa = PBXBuildFile; fileRef = 401AD6921BF0522200E747BF /* YNCategoeyModel.swift */; };
		401CCAEE1BD0DB7F00023F66 /* YNBaseModel.swift in Sources */ = {isa = PBXBuildFile; fileRef = 401CCAED1BD0DB7F00023F66 /* YNBaseModel.swift */; };
		401CCAF21BD0E9A700023F66 /* cityData.plist in Resources */ = {isa = PBXBuildFile; fileRef = 401CCAF01BD0E9A700023F66 /* cityData.plist */; };
		401CCAF31BD0E9A700023F66 /* areaList.plist in Resources */ = {isa = PBXBuildFile; fileRef = 401CCAF11BD0E9A700023F66 /* areaList.plist */; };
		401CCAF51BD0EB1E00023F66 /* YNCityModel.swift in Sources */ = {isa = PBXBuildFile; fileRef = 401CCAF41BD0EB1E00023F66 /* YNCityModel.swift */; };
		401F4FB61C02C92A00F45EBA /* YNSelectAreaViewController.swift in Sources */ = {isa = PBXBuildFile; fileRef = 401F4FB51C02C92A00F45EBA /* YNSelectAreaViewController.swift */; };
		401F4FB81C030A4400F45EBA /* YNHttpSubscription.swift in Sources */ = {isa = PBXBuildFile; fileRef = 401F4FB71C030A4400F45EBA /* YNHttpSubscription.swift */; };
		40292E4B1BD5F7840028F87C /* LaunchScreen.storyboard in Resources */ = {isa = PBXBuildFile; fileRef = 40292E491BD5F7840028F87C /* LaunchScreen.storyboard */; };
		40292E4E1BD6311B0028F87C /* YNSearchViewController.swift in Sources */ = {isa = PBXBuildFile; fileRef = 40292E4D1BD6311B0028F87C /* YNSearchViewController.swift */; };
		402BF81B1C06EB7C00A62614 /* YNHttpQuestion.swift in Sources */ = {isa = PBXBuildFile; fileRef = 402BF81A1C06EB7C00A62614 /* YNHttpQuestion.swift */; };
		40317DBC1BF1A22600921B8D /* YNHttpAskQuestion.swift in Sources */ = {isa = PBXBuildFile; fileRef = 40317DBB1BF1A22600921B8D /* YNHttpAskQuestion.swift */; };
		4043A4A91C1141E400F1F669 /* YNQuestionDetailViewController.swift in Sources */ = {isa = PBXBuildFile; fileRef = 4043A4A81C1141E400F1F669 /* YNQuestionDetailViewController.swift */; };
		4048E3F71C2BAB400035C415 /* YNHttpNearBy.swift in Sources */ = {isa = PBXBuildFile; fileRef = 4048E3F61C2BAB400035C415 /* YNHttpNearBy.swift */; };
		4048E3FB1C2BBEDB0035C415 /* YNNearByModel.swift in Sources */ = {isa = PBXBuildFile; fileRef = 4048E3FA1C2BBEDB0035C415 /* YNNearByModel.swift */; };
		4048E3FE1C2BDEF20035C415 /* YNUserIntroduceViewController.swift in Sources */ = {isa = PBXBuildFile; fileRef = 4048E3FD1C2BDEF20035C415 /* YNUserIntroduceViewController.swift */; };
		404E0BAE1C1690B100924D5A /* YNHttpAswerQuestion.swift in Sources */ = {isa = PBXBuildFile; fileRef = 404E0BAD1C1690B100924D5A /* YNHttpAswerQuestion.swift */; };
		404E0BB01C1696D500924D5A /* YNAnswerModel.swift in Sources */ = {isa = PBXBuildFile; fileRef = 404E0BAF1C1696D500924D5A /* YNAnswerModel.swift */; };
		404E0BB21C16A01200924D5A /* YNNewAnswerQuestionViewController.swift in Sources */ = {isa = PBXBuildFile; fileRef = 404E0BB11C16A01200924D5A /* YNNewAnswerQuestionViewController.swift */; };
		404E0BB61C16A7CB00924D5A /* YNAnswerTableViewCell.swift in Sources */ = {isa = PBXBuildFile; fileRef = 404E0BB51C16A7CB00924D5A /* YNAnswerTableViewCell.swift */; };
		405177821BF4498700B119CA /* YNNJTTabBar.swift in Sources */ = {isa = PBXBuildFile; fileRef = 405177811BF4498700B119CA /* YNNJTTabBar.swift */; };
		40519C591BD7312300A8BE65 /* YNSearchParamater.swift in Sources */ = {isa = PBXBuildFile; fileRef = 40519C581BD7312300A8BE65 /* YNSearchParamater.swift */; };
		40519C5B1BD74B2F00A8BE65 /* YNSearchResaultModel.swift in Sources */ = {isa = PBXBuildFile; fileRef = 40519C5A1BD74B2F00A8BE65 /* YNSearchResaultModel.swift */; };
		406732AB1BFC56570071F6EA /* YNQuestionTableViewCell.swift in Sources */ = {isa = PBXBuildFile; fileRef = 406732AA1BFC56570071F6EA /* YNQuestionTableViewCell.swift */; };
		406805AE1C324E9C009FC170 /* YNNewSearchViewController.swift in Sources */ = {isa = PBXBuildFile; fileRef = 406805AD1C324E9C009FC170 /* YNNewSearchViewController.swift */; };
		406CBBEC1BFEDBCE000584D4 /* YNScaleView.swift in Sources */ = {isa = PBXBuildFile; fileRef = 406CBBEB1BFEDBCE000584D4 /* YNScaleView.swift */; };
		407F6B5A1C3BACEE00EDDC2F /* YNMYWriteWaringViewController.swift in Sources */ = {isa = PBXBuildFile; fileRef = 407F6B591C3BACEE00EDDC2F /* YNMYWriteWaringViewController.swift */; };
		407F6B5C1C3BB31D00EDDC2F /* MYWaringDetailViewController.swift in Sources */ = {isa = PBXBuildFile; fileRef = 407F6B5B1C3BB31D00EDDC2F /* MYWaringDetailViewController.swift */; };
		407F6B5E1C3BB80500EDDC2F /* YNMotifyPasswordViewController.swift in Sources */ = {isa = PBXBuildFile; fileRef = 407F6B5D1C3BB80500EDDC2F /* YNMotifyPasswordViewController.swift */; };
		408BE0541BE704CD00A210A4 /* YNTextView.swift in Sources */ = {isa = PBXBuildFile; fileRef = 408BE0531BE704CD00A210A4 /* YNTextView.swift */; };
		408BE8A81C294BFA00B980AD /* YNMYQuestionTableViewCell.swift in Sources */ = {isa = PBXBuildFile; fileRef = 408BE8A71C294BFA00B980AD /* YNMYQuestionTableViewCell.swift */; };
		4092048E1C0FFCAF00CA30CF /* UIImageViewExtension.swift in Sources */ = {isa = PBXBuildFile; fileRef = 4092048D1C0FFCAF00CA30CF /* UIImageViewExtension.swift */; };
		40983C891BFAEDB400EA2B04 /* YNWatchProductTableViewCell.swift in Sources */ = {isa = PBXBuildFile; fileRef = 40983C881BFAEDB400EA2B04 /* YNWatchProductTableViewCell.swift */; };
		40983C8B1BFB1CDD00EA2B04 /* YNWatchHttp.swift in Sources */ = {isa = PBXBuildFile; fileRef = 40983C8A1BFB1CDD00EA2B04 /* YNWatchHttp.swift */; };
		40983C8D1BFB256700EA2B04 /* YNSelectedProductModel.swift in Sources */ = {isa = PBXBuildFile; fileRef = 40983C8C1BFB256700EA2B04 /* YNSelectedProductModel.swift */; };
		409A97181BF9827000F94BB1 /* YNQuestionViewController.swift in Sources */ = {isa = PBXBuildFile; fileRef = 409A97171BF9827000F94BB1 /* YNQuestionViewController.swift */; };
		409A971B1BF9C09100F94BB1 /* YNMyWatchListViewController.swift in Sources */ = {isa = PBXBuildFile; fileRef = 409A971A1BF9C09100F94BB1 /* YNMyWatchListViewController.swift */; };
		409A971D1BF9C5AE00F94BB1 /* YNWatchCollectionViewCell.swift in Sources */ = {isa = PBXBuildFile; fileRef = 409A971C1BF9C5AE00F94BB1 /* YNWatchCollectionViewCell.swift */; };
		40A066781BE85A5D00027D04 /* YNFinishInputView.swift in Sources */ = {isa = PBXBuildFile; fileRef = 40A066771BE85A5D00027D04 /* YNFinishInputView.swift */; };
		40A168F71BEB3E82001E3C76 /* YNAddUserInformationTableViewController.swift in Sources */ = {isa = PBXBuildFile; fileRef = 40A168F61BEB3E82001E3C76 /* YNAddUserInformationTableViewController.swift */; };
		40B1CEE11BE5CE5B00D42187 /* YNAskQuestionViewController.swift in Sources */ = {isa = PBXBuildFile; fileRef = 40B1CEE01BE5CE5B00D42187 /* YNAskQuestionViewController.swift */; };
		40B1CEE31BE5F93400D42187 /* YNAskQuestionTextCollectionViewCell.swift in Sources */ = {isa = PBXBuildFile; fileRef = 40B1CEE21BE5F93400D42187 /* YNAskQuestionTextCollectionViewCell.swift */; };
		40B1CEE51BE5F95700D42187 /* YNAskQuestionImageCollectionViewCell.swift in Sources */ = {isa = PBXBuildFile; fileRef = 40B1CEE41BE5F95700D42187 /* YNAskQuestionImageCollectionViewCell.swift */; };
		40B1CEE71BE5F97200D42187 /* YNAskQuestionLocationCollectionViewCell.swift in Sources */ = {isa = PBXBuildFile; fileRef = 40B1CEE61BE5F97200D42187 /* YNAskQuestionLocationCollectionViewCell.swift */; };
		40B5B2891BEC80BC008E5F77 /* YNSelectedCategoryViewController.swift in Sources */ = {isa = PBXBuildFile; fileRef = 40B5B2881BEC80BC008E5F77 /* YNSelectedCategoryViewController.swift */; };
		40B650FC1BFC26C70019E7FD /* YNQuestionCollectionViewCell.swift in Sources */ = {isa = PBXBuildFile; fileRef = 40B650FB1BFC26C70019E7FD /* YNQuestionCollectionViewCell.swift */; };
		40C6B5411C34D485003004C5 /* YNSearchCatagoryModel.swift in Sources */ = {isa = PBXBuildFile; fileRef = 40C6B5401C34D485003004C5 /* YNSearchCatagoryModel.swift */; };
		40D5729C1BD88EA000E19A12 /* YNResaultLoadModeCell.swift in Sources */ = {isa = PBXBuildFile; fileRef = 40D5729B1BD88EA000E19A12 /* YNResaultLoadModeCell.swift */; };
		40D5729E1BD8A4C500E19A12 /* YNSearchResaultDetailModel.swift in Sources */ = {isa = PBXBuildFile; fileRef = 40D5729D1BD8A4C500E19A12 /* YNSearchResaultDetailModel.swift */; };
		40D70EFF1C22573400672A10 /* YNAskQuestionModel.swift in Sources */ = {isa = PBXBuildFile; fileRef = 40D70EFE1C22573400672A10 /* YNAskQuestionModel.swift */; };
		40D70F051C22666700672A10 /* YNMyQuestionsViewController.swift in Sources */ = {isa = PBXBuildFile; fileRef = 40D70F041C22666700672A10 /* YNMyQuestionsViewController.swift */; };
		40D70F071C22A63700672A10 /* YNDateExtension.swift in Sources */ = {isa = PBXBuildFile; fileRef = 40D70F061C22A63700672A10 /* YNDateExtension.swift */; };
		40DDBCE41C0C3A5B0007211A /* YNQuestionModel.swift in Sources */ = {isa = PBXBuildFile; fileRef = 40DDBCE31C0C3A5B0007211A /* YNQuestionModel.swift */; };
		40DEA7D61C3A187F00BEB608 /* YNSearchResaultQuestionViewController.swift in Sources */ = {isa = PBXBuildFile; fileRef = 40DEA7D51C3A187F00BEB608 /* YNSearchResaultQuestionViewController.swift */; };
		40DEA7D81C3A21A800BEB608 /* YNSearchResaultSolutionViewController.swift in Sources */ = {isa = PBXBuildFile; fileRef = 40DEA7D71C3A21A800BEB608 /* YNSearchResaultSolutionViewController.swift */; };
		40DEA7DA1C3A22E300BEB608 /* YNSearchSolutionCell.swift in Sources */ = {isa = PBXBuildFile; fileRef = 40DEA7D91C3A22E300BEB608 /* YNSearchSolutionCell.swift */; };
		40DEA7DC1C3A244E00BEB608 /* YNSearchSolutionListModel.swift in Sources */ = {isa = PBXBuildFile; fileRef = 40DEA7DB1C3A244E00BEB608 /* YNSearchSolutionListModel.swift */; };
		40DEA7DE1C3A372B00BEB608 /* YNAnswerQuestionViewController.swift in Sources */ = {isa = PBXBuildFile; fileRef = 40DEA7DD1C3A372B00BEB608 /* YNAnswerQuestionViewController.swift */; };
		40DEA7E01C3A509400BEB608 /* YNSolutionDetailsViewController.swift in Sources */ = {isa = PBXBuildFile; fileRef = 40DEA7DF1C3A509400BEB608 /* YNSolutionDetailsViewController.swift */; };
		40DEA7E21C3A5EC400BEB608 /* YNEarlyToMyProgramModel.swift in Sources */ = {isa = PBXBuildFile; fileRef = 40DEA7E11C3A5EC400BEB608 /* YNEarlyToMyProgramModel.swift */; };
		40DEA7E41C3A60E300BEB608 /* YNSubscribeModel.swift in Sources */ = {isa = PBXBuildFile; fileRef = 40DEA7E31C3A60E300BEB608 /* YNSubscribeModel.swift */; };
		40DEA7E61C3A75A000BEB608 /* YNEarlyOtherSubscribeCell.swift in Sources */ = {isa = PBXBuildFile; fileRef = 40DEA7E51C3A75A000BEB608 /* YNEarlyOtherSubscribeCell.swift */; };
		40DEA7E81C3A7E5400BEB608 /* YNCheckMyProogramViewController.swift in Sources */ = {isa = PBXBuildFile; fileRef = 40DEA7E71C3A7E5400BEB608 /* YNCheckMyProogramViewController.swift */; };
		40DEA7EA1C3A89FD00BEB608 /* YNWriteProgramToOtherViewController.swift in Sources */ = {isa = PBXBuildFile; fileRef = 40DEA7E91C3A89FD00BEB608 /* YNWriteProgramToOtherViewController.swift */; };
		40E0397E1BF5C5A4007FFF2A /* YNNearbyTitleView.swift in Sources */ = {isa = PBXBuildFile; fileRef = 40E0397D1BF5C5A4007FFF2A /* YNNearbyTitleView.swift */; };
		40E039801BF5C5A8007FFF2A /* YNNearbyViewController.swift in Sources */ = {isa = PBXBuildFile; fileRef = 40E0397F1BF5C5A8007FFF2A /* YNNearbyViewController.swift */; };
		40E039871BF5C5F4007FFF2A /* YNBaseAnnotation.swift in Sources */ = {isa = PBXBuildFile; fileRef = 40E039821BF5C5F4007FFF2A /* YNBaseAnnotation.swift */; };
		40E039881BF5C5F4007FFF2A /* YNCallOutAnnotation.swift in Sources */ = {isa = PBXBuildFile; fileRef = 40E039831BF5C5F4007FFF2A /* YNCallOutAnnotation.swift */; };
		40E039891BF5C5F4007FFF2A /* YNCallOutAnnotationView.swift in Sources */ = {isa = PBXBuildFile; fileRef = 40E039841BF5C5F4007FFF2A /* YNCallOutAnnotationView.swift */; };
		40E0398A1BF5C5F4007FFF2A /* YNCalloutContentView.swift in Sources */ = {isa = PBXBuildFile; fileRef = 40E039851BF5C5F4007FFF2A /* YNCalloutContentView.swift */; };
		40E0398B1BF5C5F4007FFF2A /* YNLocationAnnotation.swift in Sources */ = {isa = PBXBuildFile; fileRef = 40E039861BF5C5F4007FFF2A /* YNLocationAnnotation.swift */; };
		40E1C9021C23B80800F054AE /* YNHttpQuestionDetail.swift in Sources */ = {isa = PBXBuildFile; fileRef = 40E1C9011C23B80800F054AE /* YNHttpQuestionDetail.swift */; };
		40E1C9041C23F8D700F054AE /* YNQuestionAnswerTableViewCell.swift in Sources */ = {isa = PBXBuildFile; fileRef = 40E1C9031C23F8D700F054AE /* YNQuestionAnswerTableViewCell.swift */; };
		40E236FE1BFD782400321B12 /* YNMySubscriptionViewController.swift in Sources */ = {isa = PBXBuildFile; fileRef = 40E236FD1BFD782400321B12 /* YNMySubscriptionViewController.swift */; };
		40E237021BFD854B00321B12 /* YNSunscriptionTableViewCell.swift in Sources */ = {isa = PBXBuildFile; fileRef = 40E237011BFD854B00321B12 /* YNSunscriptionTableViewCell.swift */; };
		40E237051BFD9B4200321B12 /* YNAddSubscriptionViewController.swift in Sources */ = {isa = PBXBuildFile; fileRef = 40E237041BFD9B4200321B12 /* YNAddSubscriptionViewController.swift */; };
		40E237091BFDC91600321B12 /* YNSubscriptionModel.swift in Sources */ = {isa = PBXBuildFile; fileRef = 40E237081BFDC91600321B12 /* YNSubscriptionModel.swift */; };
		40E2370D1BFDCC0100321B12 /* YNAddSubscriptionTableViewCell.swift in Sources */ = {isa = PBXBuildFile; fileRef = 40E2370C1BFDCC0100321B12 /* YNAddSubscriptionTableViewCell.swift */; };
		40E268471C2A46EC00E17B13 /* YNHttpMyQuestion.swift in Sources */ = {isa = PBXBuildFile; fileRef = 40E268461C2A46EC00E17B13 /* YNHttpMyQuestion.swift */; };
		40E5ED1B1C17C3B100897799 /* YNInputView.swift in Sources */ = {isa = PBXBuildFile; fileRef = 40E5ED1A1C17C3B100897799 /* YNInputView.swift */; };
		40E939EF1BD9CDC8001A5D35 /* YNPersionalSettingTableViewController.swift in Sources */ = {isa = PBXBuildFile; fileRef = 40E939E91BD9CDC8001A5D35 /* YNPersionalSettingTableViewController.swift */; };
		40E939F01BD9CDC8001A5D35 /* YNSettingTableViewController.swift in Sources */ = {isa = PBXBuildFile; fileRef = 40E939EB1BD9CDC8001A5D35 /* YNSettingTableViewController.swift */; };
		40ED43501BC60A28004713C9 /* AppDelegate.swift in Sources */ = {isa = PBXBuildFile; fileRef = 40ED434F1BC60A28004713C9 /* AppDelegate.swift */; };
		40ED43551BC60A28004713C9 /* Main.storyboard in Resources */ = {isa = PBXBuildFile; fileRef = 40ED43531BC60A28004713C9 /* Main.storyboard */; };
		40ED43571BC60A28004713C9 /* Assets.xcassets in Resources */ = {isa = PBXBuildFile; fileRef = 40ED43561BC60A28004713C9 /* Assets.xcassets */; };
		40ED43651BC60A28004713C9 /* nongjitongTests.swift in Sources */ = {isa = PBXBuildFile; fileRef = 40ED43641BC60A28004713C9 /* nongjitongTests.swift */; };
		40ED43701BC60A28004713C9 /* nongjitongUITests.swift in Sources */ = {isa = PBXBuildFile; fileRef = 40ED436F1BC60A28004713C9 /* nongjitongUITests.swift */; };
		40ED43841BC60B76004713C9 /* Layout.swift in Sources */ = {isa = PBXBuildFile; fileRef = 40ED437E1BC60B76004713C9 /* Layout.swift */; };
		40ED43851BC60B76004713C9 /* Location.swift in Sources */ = {isa = PBXBuildFile; fileRef = 40ED437F1BC60B76004713C9 /* Location.swift */; };
		40ED43861BC60B76004713C9 /* Macro.swift in Sources */ = {isa = PBXBuildFile; fileRef = 40ED43801BC60B76004713C9 /* Macro.swift */; };
		40ED43871BC60B76004713C9 /* Network.swift in Sources */ = {isa = PBXBuildFile; fileRef = 40ED43811BC60B76004713C9 /* Network.swift */; };
		40ED43881BC60B76004713C9 /* progressHUD.swift in Sources */ = {isa = PBXBuildFile; fileRef = 40ED43821BC60B76004713C9 /* progressHUD.swift */; };
		40ED43891BC60B76004713C9 /* tools.swift in Sources */ = {isa = PBXBuildFile; fileRef = 40ED43831BC60B76004713C9 /* tools.swift */; };
		40ED438E1BC612F9004713C9 /* YNSignInViewController.swift in Sources */ = {isa = PBXBuildFile; fileRef = 40ED438C1BC612F9004713C9 /* YNSignInViewController.swift */; };
		40ED438F1BC612F9004713C9 /* YNSignUpViewController.swift in Sources */ = {isa = PBXBuildFile; fileRef = 40ED438D1BC612F9004713C9 /* YNSignUpViewController.swift */; };
		40ED43921BC613C3004713C9 /* YNTestFiledExtension.swift in Sources */ = {isa = PBXBuildFile; fileRef = 40ED43911BC613C3004713C9 /* YNTestFiledExtension.swift */; };
		40ED439B1BC61A56004713C9 /* YNTabBarController.swift in Sources */ = {isa = PBXBuildFile; fileRef = 40ED439A1BC61A56004713C9 /* YNTabBarController.swift */; };
		40ED439D1BC61A75004713C9 /* YNNavigationController.swift in Sources */ = {isa = PBXBuildFile; fileRef = 40ED439C1BC61A75004713C9 /* YNNavigationController.swift */; };
		40ED439F1BC61ADE004713C9 /* YNHomeViewController.swift in Sources */ = {isa = PBXBuildFile; fileRef = 40ED439E1BC61ADE004713C9 /* YNHomeViewController.swift */; };
		40ED43A11BC61AF5004713C9 /* YNEarlyWaringViewController.swift in Sources */ = {isa = PBXBuildFile; fileRef = 40ED43A01BC61AF5004713C9 /* YNEarlyWaringViewController.swift */; };
		40ED43A71BC64A57004713C9 /* YNBaseParamater.swift in Sources */ = {isa = PBXBuildFile; fileRef = 40ED43A61BC64A57004713C9 /* YNBaseParamater.swift */; };
		40ED43AA1BC64D7F004713C9 /* YNSignUpModel.swift in Sources */ = {isa = PBXBuildFile; fileRef = 40ED43A91BC64D7F004713C9 /* YNSignUpModel.swift */; };
		40ED43AE1BC65EA7004713C9 /* YNExchangeRootController.swift in Sources */ = {isa = PBXBuildFile; fileRef = 40ED43AD1BC65EA7004713C9 /* YNExchangeRootController.swift */; };
		40ED43B01BC66490004713C9 /* YNMeTableViewController.swift in Sources */ = {isa = PBXBuildFile; fileRef = 40ED43AF1BC66490004713C9 /* YNMeTableViewController.swift */; };
		40F30F4B1C2CFDD900EA1B95 /* YNNearByQuestionView.swift in Sources */ = {isa = PBXBuildFile; fileRef = 40F30F4A1C2CFDD900EA1B95 /* YNNearByQuestionView.swift */; };
		40F830E31BD781F500C1F0BB /* YNSearchResaultCell.swift in Sources */ = {isa = PBXBuildFile; fileRef = 40F830E21BD781F500C1F0BB /* YNSearchResaultCell.swift */; };
		40F830E61BD787B600C1F0BB /* YNSearchResaultDetailViewController.swift in Sources */ = {isa = PBXBuildFile; fileRef = 40F830E51BD787B600C1F0BB /* YNSearchResaultDetailViewController.swift */; };
		40FA6FF31BD4DF6000CFE69C /* YNSearchAndQuestionCell.swift in Sources */ = {isa = PBXBuildFile; fileRef = 40FA6FF21BD4DF6000CFE69C /* YNSearchAndQuestionCell.swift */; };
		40FA6FF51BD4E61500CFE69C /* YNNewQuestionHeaderView.swift in Sources */ = {isa = PBXBuildFile; fileRef = 40FA6FF41BD4E61500CFE69C /* YNNewQuestionHeaderView.swift */; };
/* End PBXBuildFile section */

/* Begin PBXContainerItemProxy section */
		40ED43611BC60A28004713C9 /* PBXContainerItemProxy */ = {
			isa = PBXContainerItemProxy;
			containerPortal = 40ED43441BC60A28004713C9 /* Project object */;
			proxyType = 1;
			remoteGlobalIDString = 40ED434B1BC60A28004713C9;
			remoteInfo = nongjitong;
		};
		40ED436C1BC60A28004713C9 /* PBXContainerItemProxy */ = {
			isa = PBXContainerItemProxy;
			containerPortal = 40ED43441BC60A28004713C9 /* Project object */;
			proxyType = 1;
			remoteGlobalIDString = 40ED434B1BC60A28004713C9;
			remoteInfo = nongjitong;
		};
/* End PBXContainerItemProxy section */

/* Begin PBXFileReference section */
		4003F7771BDF2F5400137258 /* YNCityTableViewController.swift */ = {isa = PBXFileReference; fileEncoding = 4; lastKnownFileType = sourcecode.swift; path = YNCityTableViewController.swift; sourceTree = "<group>"; };
		4003F7781BDF2F5400137258 /* YNHTTPGetCityTool.swift */ = {isa = PBXFileReference; fileEncoding = 4; lastKnownFileType = sourcecode.swift; path = YNHTTPGetCityTool.swift; sourceTree = "<group>"; };
		4003F7791BDF2F5400137258 /* YNProvinceTableViewController.swift */ = {isa = PBXFileReference; fileEncoding = 4; lastKnownFileType = sourcecode.swift; path = YNProvinceTableViewController.swift; sourceTree = "<group>"; };
		4003F77B1BDF2F5400137258 /* YNModifytextViewController.swift */ = {isa = PBXFileReference; fileEncoding = 4; lastKnownFileType = sourcecode.swift; path = YNModifytextViewController.swift; sourceTree = "<group>"; };
		4003F77E1BDF2F5400137258 /* YNHttpTool.swift */ = {isa = PBXFileReference; fileEncoding = 4; lastKnownFileType = sourcecode.swift; path = YNHttpTool.swift; sourceTree = "<group>"; };
		4003F7851BDF2F9600137258 /* YNUserInformationModel.swift */ = {isa = PBXFileReference; fileEncoding = 4; lastKnownFileType = sourcecode.swift; path = YNUserInformationModel.swift; sourceTree = "<group>"; };
		4003F7871BDF625800137258 /* YNBaseCityModel.swift */ = {isa = PBXFileReference; fileEncoding = 4; lastKnownFileType = sourcecode.swift; path = YNBaseCityModel.swift; sourceTree = "<group>"; };
		400FFC081C0ED9D10039B653 /* YNQuestionModelConstant.swift */ = {isa = PBXFileReference; fileEncoding = 4; lastKnownFileType = sourcecode.swift; path = YNQuestionModelConstant.swift; sourceTree = "<group>"; };
		4010A6851C30DDF700A38075 /* YNOfflineQuestionListViewController.swift */ = {isa = PBXFileReference; fileEncoding = 4; lastKnownFileType = sourcecode.swift; path = YNOfflineQuestionListViewController.swift; sourceTree = "<group>"; };
		401AD68C1BF03AAB00E747BF /* YNCategoryTableViewCell.swift */ = {isa = PBXFileReference; fileEncoding = 4; lastKnownFileType = sourcecode.swift; path = YNCategoryTableViewCell.swift; sourceTree = "<group>"; };
		401AD68E1BF04BC500E747BF /* YNProductCollectionViewCell.swift */ = {isa = PBXFileReference; fileEncoding = 4; lastKnownFileType = sourcecode.swift; path = YNProductCollectionViewCell.swift; sourceTree = "<group>"; };
		401AD6901BF04E5400E747BF /* YNHttpLoadCategory.swift */ = {isa = PBXFileReference; fileEncoding = 4; lastKnownFileType = sourcecode.swift; path = YNHttpLoadCategory.swift; sourceTree = "<group>"; };
		401AD6921BF0522200E747BF /* YNCategoeyModel.swift */ = {isa = PBXFileReference; fileEncoding = 4; lastKnownFileType = sourcecode.swift; path = YNCategoeyModel.swift; sourceTree = "<group>"; };
		401CCAED1BD0DB7F00023F66 /* YNBaseModel.swift */ = {isa = PBXFileReference; fileEncoding = 4; lastKnownFileType = sourcecode.swift; path = YNBaseModel.swift; sourceTree = "<group>"; };
		401CCAF01BD0E9A700023F66 /* cityData.plist */ = {isa = PBXFileReference; fileEncoding = 4; lastKnownFileType = text.plist.xml; path = cityData.plist; sourceTree = "<group>"; };
		401CCAF11BD0E9A700023F66 /* areaList.plist */ = {isa = PBXFileReference; fileEncoding = 4; lastKnownFileType = text.plist.xml; path = areaList.plist; sourceTree = "<group>"; };
		401CCAF41BD0EB1E00023F66 /* YNCityModel.swift */ = {isa = PBXFileReference; fileEncoding = 4; lastKnownFileType = sourcecode.swift; path = YNCityModel.swift; sourceTree = "<group>"; };
		401F4FB51C02C92A00F45EBA /* YNSelectAreaViewController.swift */ = {isa = PBXFileReference; fileEncoding = 4; lastKnownFileType = sourcecode.swift; path = YNSelectAreaViewController.swift; sourceTree = "<group>"; };
		401F4FB71C030A4400F45EBA /* YNHttpSubscription.swift */ = {isa = PBXFileReference; fileEncoding = 4; lastKnownFileType = sourcecode.swift; path = YNHttpSubscription.swift; sourceTree = "<group>"; };
		40292E4A1BD5F7840028F87C /* Base */ = {isa = PBXFileReference; lastKnownFileType = file.storyboard; name = Base; path = Base.lproj/LaunchScreen.storyboard; sourceTree = "<group>"; };
		40292E4D1BD6311B0028F87C /* YNSearchViewController.swift */ = {isa = PBXFileReference; fileEncoding = 4; lastKnownFileType = sourcecode.swift; path = YNSearchViewController.swift; sourceTree = "<group>"; };
		402BF81A1C06EB7C00A62614 /* YNHttpQuestion.swift */ = {isa = PBXFileReference; fileEncoding = 4; lastKnownFileType = sourcecode.swift; path = YNHttpQuestion.swift; sourceTree = "<group>"; };
		40317DBB1BF1A22600921B8D /* YNHttpAskQuestion.swift */ = {isa = PBXFileReference; fileEncoding = 4; lastKnownFileType = sourcecode.swift; path = YNHttpAskQuestion.swift; sourceTree = "<group>"; };
		4043A4A81C1141E400F1F669 /* YNQuestionDetailViewController.swift */ = {isa = PBXFileReference; fileEncoding = 4; lastKnownFileType = sourcecode.swift; path = YNQuestionDetailViewController.swift; sourceTree = "<group>"; };
		4048E3F61C2BAB400035C415 /* YNHttpNearBy.swift */ = {isa = PBXFileReference; fileEncoding = 4; lastKnownFileType = sourcecode.swift; path = YNHttpNearBy.swift; sourceTree = "<group>"; };
		4048E3FA1C2BBEDB0035C415 /* YNNearByModel.swift */ = {isa = PBXFileReference; fileEncoding = 4; lastKnownFileType = sourcecode.swift; path = YNNearByModel.swift; sourceTree = "<group>"; };
		4048E3FD1C2BDEF20035C415 /* YNUserIntroduceViewController.swift */ = {isa = PBXFileReference; fileEncoding = 4; lastKnownFileType = sourcecode.swift; path = YNUserIntroduceViewController.swift; sourceTree = "<group>"; };
		404E0BAD1C1690B100924D5A /* YNHttpAswerQuestion.swift */ = {isa = PBXFileReference; fileEncoding = 4; lastKnownFileType = sourcecode.swift; path = YNHttpAswerQuestion.swift; sourceTree = "<group>"; };
		404E0BAF1C1696D500924D5A /* YNAnswerModel.swift */ = {isa = PBXFileReference; fileEncoding = 4; lastKnownFileType = sourcecode.swift; path = YNAnswerModel.swift; sourceTree = "<group>"; };
		404E0BB11C16A01200924D5A /* YNNewAnswerQuestionViewController.swift */ = {isa = PBXFileReference; fileEncoding = 4; lastKnownFileType = sourcecode.swift; path = YNNewAnswerQuestionViewController.swift; sourceTree = "<group>"; };
		404E0BB51C16A7CB00924D5A /* YNAnswerTableViewCell.swift */ = {isa = PBXFileReference; fileEncoding = 4; lastKnownFileType = sourcecode.swift; path = YNAnswerTableViewCell.swift; sourceTree = "<group>"; };
		405177811BF4498700B119CA /* YNNJTTabBar.swift */ = {isa = PBXFileReference; fileEncoding = 4; lastKnownFileType = sourcecode.swift; path = YNNJTTabBar.swift; sourceTree = "<group>"; };
		40519C581BD7312300A8BE65 /* YNSearchParamater.swift */ = {isa = PBXFileReference; fileEncoding = 4; lastKnownFileType = sourcecode.swift; path = YNSearchParamater.swift; sourceTree = "<group>"; };
		40519C5A1BD74B2F00A8BE65 /* YNSearchResaultModel.swift */ = {isa = PBXFileReference; fileEncoding = 4; lastKnownFileType = sourcecode.swift; path = YNSearchResaultModel.swift; sourceTree = "<group>"; };
		406732AA1BFC56570071F6EA /* YNQuestionTableViewCell.swift */ = {isa = PBXFileReference; fileEncoding = 4; lastKnownFileType = sourcecode.swift; path = YNQuestionTableViewCell.swift; sourceTree = "<group>"; };
		406805AD1C324E9C009FC170 /* YNNewSearchViewController.swift */ = {isa = PBXFileReference; fileEncoding = 4; lastKnownFileType = sourcecode.swift; path = YNNewSearchViewController.swift; sourceTree = "<group>"; };
		406CBBEB1BFEDBCE000584D4 /* YNScaleView.swift */ = {isa = PBXFileReference; fileEncoding = 4; lastKnownFileType = sourcecode.swift; path = YNScaleView.swift; sourceTree = "<group>"; };
		407F6B591C3BACEE00EDDC2F /* YNMYWriteWaringViewController.swift */ = {isa = PBXFileReference; fileEncoding = 4; lastKnownFileType = sourcecode.swift; path = YNMYWriteWaringViewController.swift; sourceTree = "<group>"; };
		407F6B5B1C3BB31D00EDDC2F /* MYWaringDetailViewController.swift */ = {isa = PBXFileReference; fileEncoding = 4; lastKnownFileType = sourcecode.swift; path = MYWaringDetailViewController.swift; sourceTree = "<group>"; };
		407F6B5D1C3BB80500EDDC2F /* YNMotifyPasswordViewController.swift */ = {isa = PBXFileReference; fileEncoding = 4; lastKnownFileType = sourcecode.swift; path = YNMotifyPasswordViewController.swift; sourceTree = "<group>"; };
		408BE0531BE704CD00A210A4 /* YNTextView.swift */ = {isa = PBXFileReference; fileEncoding = 4; lastKnownFileType = sourcecode.swift; path = YNTextView.swift; sourceTree = "<group>"; };
		408BE8A71C294BFA00B980AD /* YNMYQuestionTableViewCell.swift */ = {isa = PBXFileReference; fileEncoding = 4; lastKnownFileType = sourcecode.swift; path = YNMYQuestionTableViewCell.swift; sourceTree = "<group>"; };
		4092048D1C0FFCAF00CA30CF /* UIImageViewExtension.swift */ = {isa = PBXFileReference; fileEncoding = 4; lastKnownFileType = sourcecode.swift; path = UIImageViewExtension.swift; sourceTree = "<group>"; };
		40983C881BFAEDB400EA2B04 /* YNWatchProductTableViewCell.swift */ = {isa = PBXFileReference; fileEncoding = 4; lastKnownFileType = sourcecode.swift; path = YNWatchProductTableViewCell.swift; sourceTree = "<group>"; };
		40983C8A1BFB1CDD00EA2B04 /* YNWatchHttp.swift */ = {isa = PBXFileReference; fileEncoding = 4; lastKnownFileType = sourcecode.swift; path = YNWatchHttp.swift; sourceTree = "<group>"; };
		40983C8C1BFB256700EA2B04 /* YNSelectedProductModel.swift */ = {isa = PBXFileReference; fileEncoding = 4; lastKnownFileType = sourcecode.swift; path = YNSelectedProductModel.swift; sourceTree = "<group>"; };
		409A97171BF9827000F94BB1 /* YNQuestionViewController.swift */ = {isa = PBXFileReference; fileEncoding = 4; lastKnownFileType = sourcecode.swift; path = YNQuestionViewController.swift; sourceTree = "<group>"; };
		409A971A1BF9C09100F94BB1 /* YNMyWatchListViewController.swift */ = {isa = PBXFileReference; fileEncoding = 4; lastKnownFileType = sourcecode.swift; path = YNMyWatchListViewController.swift; sourceTree = "<group>"; };
		409A971C1BF9C5AE00F94BB1 /* YNWatchCollectionViewCell.swift */ = {isa = PBXFileReference; fileEncoding = 4; lastKnownFileType = sourcecode.swift; path = YNWatchCollectionViewCell.swift; sourceTree = "<group>"; };
		40A066771BE85A5D00027D04 /* YNFinishInputView.swift */ = {isa = PBXFileReference; fileEncoding = 4; lastKnownFileType = sourcecode.swift; path = YNFinishInputView.swift; sourceTree = "<group>"; };
		40A168F61BEB3E82001E3C76 /* YNAddUserInformationTableViewController.swift */ = {isa = PBXFileReference; fileEncoding = 4; lastKnownFileType = sourcecode.swift; path = YNAddUserInformationTableViewController.swift; sourceTree = "<group>"; };
		40B1CEE01BE5CE5B00D42187 /* YNAskQuestionViewController.swift */ = {isa = PBXFileReference; fileEncoding = 4; lastKnownFileType = sourcecode.swift; path = YNAskQuestionViewController.swift; sourceTree = "<group>"; };
		40B1CEE21BE5F93400D42187 /* YNAskQuestionTextCollectionViewCell.swift */ = {isa = PBXFileReference; fileEncoding = 4; lastKnownFileType = sourcecode.swift; path = YNAskQuestionTextCollectionViewCell.swift; sourceTree = "<group>"; };
		40B1CEE41BE5F95700D42187 /* YNAskQuestionImageCollectionViewCell.swift */ = {isa = PBXFileReference; fileEncoding = 4; lastKnownFileType = sourcecode.swift; path = YNAskQuestionImageCollectionViewCell.swift; sourceTree = "<group>"; };
		40B1CEE61BE5F97200D42187 /* YNAskQuestionLocationCollectionViewCell.swift */ = {isa = PBXFileReference; fileEncoding = 4; lastKnownFileType = sourcecode.swift; path = YNAskQuestionLocationCollectionViewCell.swift; sourceTree = "<group>"; };
		40B5B2881BEC80BC008E5F77 /* YNSelectedCategoryViewController.swift */ = {isa = PBXFileReference; fileEncoding = 4; lastKnownFileType = sourcecode.swift; path = YNSelectedCategoryViewController.swift; sourceTree = "<group>"; };
		40B650FB1BFC26C70019E7FD /* YNQuestionCollectionViewCell.swift */ = {isa = PBXFileReference; fileEncoding = 4; lastKnownFileType = sourcecode.swift; path = YNQuestionCollectionViewCell.swift; sourceTree = "<group>"; };
		40C6B5401C34D485003004C5 /* YNSearchCatagoryModel.swift */ = {isa = PBXFileReference; fileEncoding = 4; lastKnownFileType = sourcecode.swift; name = YNSearchCatagoryModel.swift; path = ../YNSearchCatagoryModel.swift; sourceTree = "<group>"; };
		40D5729B1BD88EA000E19A12 /* YNResaultLoadModeCell.swift */ = {isa = PBXFileReference; fileEncoding = 4; lastKnownFileType = sourcecode.swift; path = YNResaultLoadModeCell.swift; sourceTree = "<group>"; };
		40D5729D1BD8A4C500E19A12 /* YNSearchResaultDetailModel.swift */ = {isa = PBXFileReference; fileEncoding = 4; lastKnownFileType = sourcecode.swift; path = YNSearchResaultDetailModel.swift; sourceTree = "<group>"; };
		40D70EFE1C22573400672A10 /* YNAskQuestionModel.swift */ = {isa = PBXFileReference; fileEncoding = 4; lastKnownFileType = sourcecode.swift; path = YNAskQuestionModel.swift; sourceTree = "<group>"; };
		40D70F041C22666700672A10 /* YNMyQuestionsViewController.swift */ = {isa = PBXFileReference; fileEncoding = 4; lastKnownFileType = sourcecode.swift; path = YNMyQuestionsViewController.swift; sourceTree = "<group>"; };
		40D70F061C22A63700672A10 /* YNDateExtension.swift */ = {isa = PBXFileReference; fileEncoding = 4; lastKnownFileType = sourcecode.swift; path = YNDateExtension.swift; sourceTree = "<group>"; };
		40DDBCE31C0C3A5B0007211A /* YNQuestionModel.swift */ = {isa = PBXFileReference; fileEncoding = 4; lastKnownFileType = sourcecode.swift; path = YNQuestionModel.swift; sourceTree = "<group>"; };
		40DEA7D51C3A187F00BEB608 /* YNSearchResaultQuestionViewController.swift */ = {isa = PBXFileReference; fileEncoding = 4; lastKnownFileType = sourcecode.swift; path = YNSearchResaultQuestionViewController.swift; sourceTree = "<group>"; };
		40DEA7D71C3A21A800BEB608 /* YNSearchResaultSolutionViewController.swift */ = {isa = PBXFileReference; fileEncoding = 4; lastKnownFileType = sourcecode.swift; path = YNSearchResaultSolutionViewController.swift; sourceTree = "<group>"; };
		40DEA7D91C3A22E300BEB608 /* YNSearchSolutionCell.swift */ = {isa = PBXFileReference; fileEncoding = 4; lastKnownFileType = sourcecode.swift; path = YNSearchSolutionCell.swift; sourceTree = "<group>"; };
		40DEA7DB1C3A244E00BEB608 /* YNSearchSolutionListModel.swift */ = {isa = PBXFileReference; fileEncoding = 4; lastKnownFileType = sourcecode.swift; path = YNSearchSolutionListModel.swift; sourceTree = "<group>"; };
		40DEA7DD1C3A372B00BEB608 /* YNAnswerQuestionViewController.swift */ = {isa = PBXFileReference; fileEncoding = 4; lastKnownFileType = sourcecode.swift; path = YNAnswerQuestionViewController.swift; sourceTree = "<group>"; };
		40DEA7DF1C3A509400BEB608 /* YNSolutionDetailsViewController.swift */ = {isa = PBXFileReference; fileEncoding = 4; lastKnownFileType = sourcecode.swift; path = YNSolutionDetailsViewController.swift; sourceTree = "<group>"; };
		40DEA7E11C3A5EC400BEB608 /* YNEarlyToMyProgramModel.swift */ = {isa = PBXFileReference; fileEncoding = 4; lastKnownFileType = sourcecode.swift; path = YNEarlyToMyProgramModel.swift; sourceTree = "<group>"; };
		40DEA7E31C3A60E300BEB608 /* YNSubscribeModel.swift */ = {isa = PBXFileReference; fileEncoding = 4; lastKnownFileType = sourcecode.swift; path = YNSubscribeModel.swift; sourceTree = "<group>"; };
		40DEA7E51C3A75A000BEB608 /* YNEarlyOtherSubscribeCell.swift */ = {isa = PBXFileReference; fileEncoding = 4; lastKnownFileType = sourcecode.swift; path = YNEarlyOtherSubscribeCell.swift; sourceTree = "<group>"; };
		40DEA7E71C3A7E5400BEB608 /* YNCheckMyProogramViewController.swift */ = {isa = PBXFileReference; fileEncoding = 4; lastKnownFileType = sourcecode.swift; path = YNCheckMyProogramViewController.swift; sourceTree = "<group>"; };
		40DEA7E91C3A89FD00BEB608 /* YNWriteProgramToOtherViewController.swift */ = {isa = PBXFileReference; fileEncoding = 4; lastKnownFileType = sourcecode.swift; path = YNWriteProgramToOtherViewController.swift; sourceTree = "<group>"; };
		40E0397D1BF5C5A4007FFF2A /* YNNearbyTitleView.swift */ = {isa = PBXFileReference; fileEncoding = 4; lastKnownFileType = sourcecode.swift; path = YNNearbyTitleView.swift; sourceTree = "<group>"; };
		40E0397F1BF5C5A8007FFF2A /* YNNearbyViewController.swift */ = {isa = PBXFileReference; fileEncoding = 4; lastKnownFileType = sourcecode.swift; path = YNNearbyViewController.swift; sourceTree = "<group>"; };
		40E039821BF5C5F4007FFF2A /* YNBaseAnnotation.swift */ = {isa = PBXFileReference; fileEncoding = 4; lastKnownFileType = sourcecode.swift; path = YNBaseAnnotation.swift; sourceTree = "<group>"; };
		40E039831BF5C5F4007FFF2A /* YNCallOutAnnotation.swift */ = {isa = PBXFileReference; fileEncoding = 4; lastKnownFileType = sourcecode.swift; path = YNCallOutAnnotation.swift; sourceTree = "<group>"; };
		40E039841BF5C5F4007FFF2A /* YNCallOutAnnotationView.swift */ = {isa = PBXFileReference; fileEncoding = 4; lastKnownFileType = sourcecode.swift; path = YNCallOutAnnotationView.swift; sourceTree = "<group>"; };
		40E039851BF5C5F4007FFF2A /* YNCalloutContentView.swift */ = {isa = PBXFileReference; fileEncoding = 4; lastKnownFileType = sourcecode.swift; path = YNCalloutContentView.swift; sourceTree = "<group>"; };
		40E039861BF5C5F4007FFF2A /* YNLocationAnnotation.swift */ = {isa = PBXFileReference; fileEncoding = 4; lastKnownFileType = sourcecode.swift; path = YNLocationAnnotation.swift; sourceTree = "<group>"; };
		40E1C9011C23B80800F054AE /* YNHttpQuestionDetail.swift */ = {isa = PBXFileReference; fileEncoding = 4; lastKnownFileType = sourcecode.swift; path = YNHttpQuestionDetail.swift; sourceTree = "<group>"; };
		40E1C9031C23F8D700F054AE /* YNQuestionAnswerTableViewCell.swift */ = {isa = PBXFileReference; fileEncoding = 4; lastKnownFileType = sourcecode.swift; path = YNQuestionAnswerTableViewCell.swift; sourceTree = "<group>"; };
		40E236FD1BFD782400321B12 /* YNMySubscriptionViewController.swift */ = {isa = PBXFileReference; fileEncoding = 4; lastKnownFileType = sourcecode.swift; path = YNMySubscriptionViewController.swift; sourceTree = "<group>"; };
		40E237011BFD854B00321B12 /* YNSunscriptionTableViewCell.swift */ = {isa = PBXFileReference; fileEncoding = 4; lastKnownFileType = sourcecode.swift; path = YNSunscriptionTableViewCell.swift; sourceTree = "<group>"; };
		40E237041BFD9B4200321B12 /* YNAddSubscriptionViewController.swift */ = {isa = PBXFileReference; fileEncoding = 4; lastKnownFileType = sourcecode.swift; path = YNAddSubscriptionViewController.swift; sourceTree = "<group>"; };
		40E237081BFDC91600321B12 /* YNSubscriptionModel.swift */ = {isa = PBXFileReference; fileEncoding = 4; lastKnownFileType = sourcecode.swift; path = YNSubscriptionModel.swift; sourceTree = "<group>"; };
		40E2370C1BFDCC0100321B12 /* YNAddSubscriptionTableViewCell.swift */ = {isa = PBXFileReference; fileEncoding = 4; lastKnownFileType = sourcecode.swift; path = YNAddSubscriptionTableViewCell.swift; sourceTree = "<group>"; };
		40E268461C2A46EC00E17B13 /* YNHttpMyQuestion.swift */ = {isa = PBXFileReference; fileEncoding = 4; lastKnownFileType = sourcecode.swift; path = YNHttpMyQuestion.swift; sourceTree = "<group>"; };
		40E5ED1A1C17C3B100897799 /* YNInputView.swift */ = {isa = PBXFileReference; fileEncoding = 4; lastKnownFileType = sourcecode.swift; path = YNInputView.swift; sourceTree = "<group>"; };
		40E939E91BD9CDC8001A5D35 /* YNPersionalSettingTableViewController.swift */ = {isa = PBXFileReference; fileEncoding = 4; lastKnownFileType = sourcecode.swift; path = YNPersionalSettingTableViewController.swift; sourceTree = "<group>"; };
		40E939EB1BD9CDC8001A5D35 /* YNSettingTableViewController.swift */ = {isa = PBXFileReference; fileEncoding = 4; lastKnownFileType = sourcecode.swift; path = YNSettingTableViewController.swift; sourceTree = "<group>"; };
		40ED434C1BC60A28004713C9 /* nongjitong.app */ = {isa = PBXFileReference; explicitFileType = wrapper.application; includeInIndex = 0; path = nongjitong.app; sourceTree = BUILT_PRODUCTS_DIR; };
		40ED434F1BC60A28004713C9 /* AppDelegate.swift */ = {isa = PBXFileReference; lastKnownFileType = sourcecode.swift; path = AppDelegate.swift; sourceTree = "<group>"; };
		40ED43541BC60A28004713C9 /* Base */ = {isa = PBXFileReference; lastKnownFileType = file.storyboard; name = Base; path = Base.lproj/Main.storyboard; sourceTree = "<group>"; };
		40ED43561BC60A28004713C9 /* Assets.xcassets */ = {isa = PBXFileReference; lastKnownFileType = folder.assetcatalog; path = Assets.xcassets; sourceTree = "<group>"; };
		40ED435B1BC60A28004713C9 /* Info.plist */ = {isa = PBXFileReference; lastKnownFileType = text.plist.xml; path = Info.plist; sourceTree = "<group>"; };
		40ED43601BC60A28004713C9 /* nongjitongTests.xctest */ = {isa = PBXFileReference; explicitFileType = wrapper.cfbundle; includeInIndex = 0; path = nongjitongTests.xctest; sourceTree = BUILT_PRODUCTS_DIR; };
		40ED43641BC60A28004713C9 /* nongjitongTests.swift */ = {isa = PBXFileReference; lastKnownFileType = sourcecode.swift; path = nongjitongTests.swift; sourceTree = "<group>"; };
		40ED43661BC60A28004713C9 /* Info.plist */ = {isa = PBXFileReference; lastKnownFileType = text.plist.xml; path = Info.plist; sourceTree = "<group>"; };
		40ED436B1BC60A28004713C9 /* nongjitongUITests.xctest */ = {isa = PBXFileReference; explicitFileType = wrapper.cfbundle; includeInIndex = 0; path = nongjitongUITests.xctest; sourceTree = BUILT_PRODUCTS_DIR; };
		40ED436F1BC60A28004713C9 /* nongjitongUITests.swift */ = {isa = PBXFileReference; lastKnownFileType = sourcecode.swift; path = nongjitongUITests.swift; sourceTree = "<group>"; };
		40ED43711BC60A28004713C9 /* Info.plist */ = {isa = PBXFileReference; lastKnownFileType = text.plist.xml; path = Info.plist; sourceTree = "<group>"; };
		40ED437E1BC60B76004713C9 /* Layout.swift */ = {isa = PBXFileReference; fileEncoding = 4; lastKnownFileType = sourcecode.swift; path = Layout.swift; sourceTree = "<group>"; };
		40ED437F1BC60B76004713C9 /* Location.swift */ = {isa = PBXFileReference; fileEncoding = 4; lastKnownFileType = sourcecode.swift; path = Location.swift; sourceTree = "<group>"; };
		40ED43801BC60B76004713C9 /* Macro.swift */ = {isa = PBXFileReference; fileEncoding = 4; lastKnownFileType = sourcecode.swift; path = Macro.swift; sourceTree = "<group>"; };
		40ED43811BC60B76004713C9 /* Network.swift */ = {isa = PBXFileReference; fileEncoding = 4; lastKnownFileType = sourcecode.swift; path = Network.swift; sourceTree = "<group>"; };
		40ED43821BC60B76004713C9 /* progressHUD.swift */ = {isa = PBXFileReference; fileEncoding = 4; lastKnownFileType = sourcecode.swift; path = progressHUD.swift; sourceTree = "<group>"; };
		40ED43831BC60B76004713C9 /* tools.swift */ = {isa = PBXFileReference; fileEncoding = 4; lastKnownFileType = sourcecode.swift; path = tools.swift; sourceTree = "<group>"; };
		40ED438C1BC612F9004713C9 /* YNSignInViewController.swift */ = {isa = PBXFileReference; fileEncoding = 4; lastKnownFileType = sourcecode.swift; path = YNSignInViewController.swift; sourceTree = "<group>"; };
		40ED438D1BC612F9004713C9 /* YNSignUpViewController.swift */ = {isa = PBXFileReference; fileEncoding = 4; lastKnownFileType = sourcecode.swift; path = YNSignUpViewController.swift; sourceTree = "<group>"; };
		40ED43911BC613C3004713C9 /* YNTestFiledExtension.swift */ = {isa = PBXFileReference; fileEncoding = 4; lastKnownFileType = sourcecode.swift; path = YNTestFiledExtension.swift; sourceTree = "<group>"; };
		40ED439A1BC61A56004713C9 /* YNTabBarController.swift */ = {isa = PBXFileReference; fileEncoding = 4; lastKnownFileType = sourcecode.swift; path = YNTabBarController.swift; sourceTree = "<group>"; };
		40ED439C1BC61A75004713C9 /* YNNavigationController.swift */ = {isa = PBXFileReference; fileEncoding = 4; lastKnownFileType = sourcecode.swift; path = YNNavigationController.swift; sourceTree = "<group>"; };
		40ED439E1BC61ADE004713C9 /* YNHomeViewController.swift */ = {isa = PBXFileReference; fileEncoding = 4; lastKnownFileType = sourcecode.swift; path = YNHomeViewController.swift; sourceTree = "<group>"; };
		40ED43A01BC61AF5004713C9 /* YNEarlyWaringViewController.swift */ = {isa = PBXFileReference; fileEncoding = 4; lastKnownFileType = sourcecode.swift; path = YNEarlyWaringViewController.swift; sourceTree = "<group>"; };
		40ED43A61BC64A57004713C9 /* YNBaseParamater.swift */ = {isa = PBXFileReference; fileEncoding = 4; lastKnownFileType = sourcecode.swift; path = YNBaseParamater.swift; sourceTree = "<group>"; };
		40ED43A91BC64D7F004713C9 /* YNSignUpModel.swift */ = {isa = PBXFileReference; fileEncoding = 4; lastKnownFileType = sourcecode.swift; path = YNSignUpModel.swift; sourceTree = "<group>"; };
		40ED43AD1BC65EA7004713C9 /* YNExchangeRootController.swift */ = {isa = PBXFileReference; fileEncoding = 4; lastKnownFileType = sourcecode.swift; path = YNExchangeRootController.swift; sourceTree = "<group>"; };
		40ED43AF1BC66490004713C9 /* YNMeTableViewController.swift */ = {isa = PBXFileReference; fileEncoding = 4; lastKnownFileType = sourcecode.swift; path = YNMeTableViewController.swift; sourceTree = "<group>"; };
		40F30F4A1C2CFDD900EA1B95 /* YNNearByQuestionView.swift */ = {isa = PBXFileReference; fileEncoding = 4; lastKnownFileType = sourcecode.swift; path = YNNearByQuestionView.swift; sourceTree = "<group>"; };
		40F830E21BD781F500C1F0BB /* YNSearchResaultCell.swift */ = {isa = PBXFileReference; fileEncoding = 4; lastKnownFileType = sourcecode.swift; path = YNSearchResaultCell.swift; sourceTree = "<group>"; };
		40F830E51BD787B600C1F0BB /* YNSearchResaultDetailViewController.swift */ = {isa = PBXFileReference; fileEncoding = 4; lastKnownFileType = sourcecode.swift; path = YNSearchResaultDetailViewController.swift; sourceTree = "<group>"; };
		40FA6FF21BD4DF6000CFE69C /* YNSearchAndQuestionCell.swift */ = {isa = PBXFileReference; fileEncoding = 4; lastKnownFileType = sourcecode.swift; path = YNSearchAndQuestionCell.swift; sourceTree = "<group>"; };
		40FA6FF41BD4E61500CFE69C /* YNNewQuestionHeaderView.swift */ = {isa = PBXFileReference; fileEncoding = 4; lastKnownFileType = sourcecode.swift; path = YNNewQuestionHeaderView.swift; sourceTree = "<group>"; };
/* End PBXFileReference section */

/* Begin PBXFrameworksBuildPhase section */
		40ED43491BC60A28004713C9 /* Frameworks */ = {
			isa = PBXFrameworksBuildPhase;
			buildActionMask = 2147483647;
			files = (
			);
			runOnlyForDeploymentPostprocessing = 0;
		};
		40ED435D1BC60A28004713C9 /* Frameworks */ = {
			isa = PBXFrameworksBuildPhase;
			buildActionMask = 2147483647;
			files = (
			);
			runOnlyForDeploymentPostprocessing = 0;
		};
		40ED43681BC60A28004713C9 /* Frameworks */ = {
			isa = PBXFrameworksBuildPhase;
			buildActionMask = 2147483647;
			files = (
			);
			runOnlyForDeploymentPostprocessing = 0;
		};
/* End PBXFrameworksBuildPhase section */

/* Begin PBXGroup section */
		4003F7751BDF2F5400137258 /* controller */ = {
			isa = PBXGroup;
			children = (
				4003F7761BDF2F5400137258 /* city */,
				4003F77A1BDF2F5400137258 /* modify text */,
			);
			path = controller;
			sourceTree = "<group>";
		};
		4003F7761BDF2F5400137258 /* city */ = {
			isa = PBXGroup;
			children = (
				4003F7771BDF2F5400137258 /* YNCityTableViewController.swift */,
				4003F7791BDF2F5400137258 /* YNProvinceTableViewController.swift */,
				4003F7781BDF2F5400137258 /* YNHTTPGetCityTool.swift */,
				4003F7871BDF625800137258 /* YNBaseCityModel.swift */,
			);
			path = city;
			sourceTree = "<group>";
		};
		4003F77A1BDF2F5400137258 /* modify text */ = {
			isa = PBXGroup;
			children = (
				4003F77B1BDF2F5400137258 /* YNModifytextViewController.swift */,
			);
			path = "modify text";
			sourceTree = "<group>";
		};
		4003F77C1BDF2F5400137258 /* model */ = {
			isa = PBXGroup;
			children = (
				4003F7851BDF2F9600137258 /* YNUserInformationModel.swift */,
			);
			path = model;
			sourceTree = "<group>";
		};
		4003F77D1BDF2F5400137258 /* tool */ = {
			isa = PBXGroup;
			children = (
				4003F77E1BDF2F5400137258 /* YNHttpTool.swift */,
			);
			path = tool;
			sourceTree = "<group>";
		};
		4003F77F1BDF2F5400137258 /* view */ = {
			isa = PBXGroup;
			children = (
			);
			path = view;
			sourceTree = "<group>";
		};
		4010A6841C30D91500A38075 /* offine help */ = {
			isa = PBXGroup;
			children = (
				4010A6851C30DDF700A38075 /* YNOfflineQuestionListViewController.swift */,
			);
			path = "offine help";
			sourceTree = "<group>";
		};
		401CCAEB1BD0DAD900023F66 /* model */ = {
			isa = PBXGroup;
			children = (
				401CCAED1BD0DB7F00023F66 /* YNBaseModel.swift */,
				401CCAF41BD0EB1E00023F66 /* YNCityModel.swift */,
			);
			path = model;
			sourceTree = "<group>";
		};
		401CCAEC1BD0DAD900023F66 /* views */ = {
			isa = PBXGroup;
			children = (
			);
			path = views;
			sourceTree = "<group>";
		};
		401CCAEF1BD0E98D00023F66 /* data */ = {
			isa = PBXGroup;
			children = (
				401CCAF01BD0E9A700023F66 /* cityData.plist */,
				401CCAF11BD0E9A700023F66 /* areaList.plist */,
			);
			path = data;
			sourceTree = "<group>";
		};
		40292E4C1BD630E80028F87C /* search */ = {
			isa = PBXGroup;
			children = (
				406805AD1C324E9C009FC170 /* YNNewSearchViewController.swift */,
				40292E4D1BD6311B0028F87C /* YNSearchViewController.swift */,
				40F830E41BD7878A00C1F0BB /* controllers */,
				40F830E11BD781CB00C1F0BB /* view */,
				40519C571BD7310200A8BE65 /* model */,
			);
			path = search;
			sourceTree = "<group>";
		};
		4043A4A71C1141B400F1F669 /* controllers */ = {
			isa = PBXGroup;
			children = (
				4043A4A81C1141E400F1F669 /* YNQuestionDetailViewController.swift */,
				40E1C9031C23F8D700F054AE /* YNQuestionAnswerTableViewCell.swift */,
				40E1C9011C23B80800F054AE /* YNHttpQuestionDetail.swift */,
				409A393B1C1574E000E84F2D /* next Controllers */,
			);
			path = controllers;
			sourceTree = "<group>";
		};
		4048E3F51C2B9F670035C415 /* Supporting Files */ = {
			isa = PBXGroup;
			children = (
				40ED434F1BC60A28004713C9 /* AppDelegate.swift */,
				40ED43531BC60A28004713C9 /* Main.storyboard */,
				40292E491BD5F7840028F87C /* LaunchScreen.storyboard */,
				40ED43561BC60A28004713C9 /* Assets.xcassets */,
				40ED435B1BC60A28004713C9 /* Info.plist */,
			);
			name = "Supporting Files";
			sourceTree = "<group>";
		};
		4048E3FC1C2BDEBF0035C415 /* introduce page */ = {
			isa = PBXGroup;
			children = (
				4048E3FD1C2BDEF20035C415 /* YNUserIntroduceViewController.swift */,
			);
			path = "introduce page";
			sourceTree = "<group>";
		};
		40519C571BD7310200A8BE65 /* model */ = {
			isa = PBXGroup;
			children = (
				40C6B5401C34D485003004C5 /* YNSearchCatagoryModel.swift */,
				40519C581BD7312300A8BE65 /* YNSearchParamater.swift */,
				40519C5A1BD74B2F00A8BE65 /* YNSearchResaultModel.swift */,
				40D5729D1BD8A4C500E19A12 /* YNSearchResaultDetailModel.swift */,
				40DEA7DB1C3A244E00BEB608 /* YNSearchSolutionListModel.swift */,
			);
			path = model;
			sourceTree = "<group>";
		};
		407F6B581C3BACD300EDDC2F /* mine write warning */ = {
			isa = PBXGroup;
			children = (
				407F6B591C3BACEE00EDDC2F /* YNMYWriteWaringViewController.swift */,
				407F6B5B1C3BB31D00EDDC2F /* MYWaringDetailViewController.swift */,
			);
			path = "mine write warning";
			sourceTree = "<group>";
		};
		409A393B1C1574E000E84F2D /* next Controllers */ = {
			isa = PBXGroup;
			children = (
				404E0BB11C16A01200924D5A /* YNNewAnswerQuestionViewController.swift */,
				404E0BAD1C1690B100924D5A /* YNHttpAswerQuestion.swift */,
				404E0BAF1C1696D500924D5A /* YNAnswerModel.swift */,
				404E0BB51C16A7CB00924D5A /* YNAnswerTableViewCell.swift */,
				40E5ED1A1C17C3B100897799 /* YNInputView.swift */,
			);
			path = "next Controllers";
			sourceTree = "<group>";
		};
		409A97161BF9824000F94BB1 /* question */ = {
			isa = PBXGroup;
			children = (
				409A97171BF9827000F94BB1 /* YNQuestionViewController.swift */,
				40B650FB1BFC26C70019E7FD /* YNQuestionCollectionViewCell.swift */,
				406732AA1BFC56570071F6EA /* YNQuestionTableViewCell.swift */,
				402BF81A1C06EB7C00A62614 /* YNHttpQuestion.swift */,
				40DDBCE31C0C3A5B0007211A /* YNQuestionModel.swift */,
				400FFC081C0ED9D10039B653 /* YNQuestionModelConstant.swift */,
				4043A4A71C1141B400F1F669 /* controllers */,
			);
			path = question;
			sourceTree = "<group>";
		};
		409A97191BF9C07800F94BB1 /* my watchlist */ = {
			isa = PBXGroup;
			children = (
				409A971A1BF9C09100F94BB1 /* YNMyWatchListViewController.swift */,
				409A971C1BF9C5AE00F94BB1 /* YNWatchCollectionViewCell.swift */,
				40983C881BFAEDB400EA2B04 /* YNWatchProductTableViewCell.swift */,
				40983C8A1BFB1CDD00EA2B04 /* YNWatchHttp.swift */,
				40983C8C1BFB256700EA2B04 /* YNSelectedProductModel.swift */,
			);
			path = "my watchlist";
			sourceTree = "<group>";
		};
		40B5B2871BEC80BC008E5F77 /* select catagory */ = {
			isa = PBXGroup;
			children = (
				40B5B2881BEC80BC008E5F77 /* YNSelectedCategoryViewController.swift */,
				401AD68C1BF03AAB00E747BF /* YNCategoryTableViewCell.swift */,
				401AD68E1BF04BC500E747BF /* YNProductCollectionViewCell.swift */,
				401AD6901BF04E5400E747BF /* YNHttpLoadCategory.swift */,
				401AD6921BF0522200E747BF /* YNCategoeyModel.swift */,
			);
			path = "select catagory";
			sourceTree = "<group>";
		};
		40BAB2851BE36AF1008E5F77 /* ask question */ = {
			isa = PBXGroup;
			children = (
				40B1CEE01BE5CE5B00D42187 /* YNAskQuestionViewController.swift */,
				40B1CEE61BE5F97200D42187 /* YNAskQuestionLocationCollectionViewCell.swift */,
				40B1CEE21BE5F93400D42187 /* YNAskQuestionTextCollectionViewCell.swift */,
				40B1CEE41BE5F95700D42187 /* YNAskQuestionImageCollectionViewCell.swift */,
				408BE0531BE704CD00A210A4 /* YNTextView.swift */,
				40A066771BE85A5D00027D04 /* YNFinishInputView.swift */,
				40317DBB1BF1A22600921B8D /* YNHttpAskQuestion.swift */,
				40D70EFE1C22573400672A10 /* YNAskQuestionModel.swift */,
				40B5B2871BEC80BC008E5F77 /* select catagory */,
			);
			path = "ask question";
			sourceTree = "<group>";
		};
		40D70F001C22661800672A10 /* my answers */ = {
			isa = PBXGroup;
			children = (
			);
			path = "my answers";
			sourceTree = "<group>";
		};
		40D70F011C22661800672A10 /* my questions */ = {
			isa = PBXGroup;
			children = (
				40D70F041C22666700672A10 /* YNMyQuestionsViewController.swift */,
				408BE8A71C294BFA00B980AD /* YNMYQuestionTableViewCell.swift */,
				40E268461C2A46EC00E17B13 /* YNHttpMyQuestion.swift */,
			);
			path = "my questions";
			sourceTree = "<group>";
		};
		40E039811BF5C5F4007FFF2A /* location */ = {
			isa = PBXGroup;
			children = (
				40E039821BF5C5F4007FFF2A /* YNBaseAnnotation.swift */,
				40E039831BF5C5F4007FFF2A /* YNCallOutAnnotation.swift */,
				40E039841BF5C5F4007FFF2A /* YNCallOutAnnotationView.swift */,
				40E039851BF5C5F4007FFF2A /* YNCalloutContentView.swift */,
				40E039861BF5C5F4007FFF2A /* YNLocationAnnotation.swift */,
			);
			path = location;
			sourceTree = "<group>";
		};
		40E236FC1BFD773200321B12 /* my subscription */ = {
			isa = PBXGroup;
			children = (
				40E236FD1BFD782400321B12 /* YNMySubscriptionViewController.swift */,
				40E237011BFD854B00321B12 /* YNSunscriptionTableViewCell.swift */,
				401F4FB71C030A4400F45EBA /* YNHttpSubscription.swift */,
				40E237031BFD9A1C00321B12 /* subControllers */,
			);
			path = "my subscription";
			sourceTree = "<group>";
		};
		40E237031BFD9A1C00321B12 /* subControllers */ = {
			isa = PBXGroup;
			children = (
				40E237041BFD9B4200321B12 /* YNAddSubscriptionViewController.swift */,
				40E237081BFDC91600321B12 /* YNSubscriptionModel.swift */,
				40E2370C1BFDCC0100321B12 /* YNAddSubscriptionTableViewCell.swift */,
				406CBBEB1BFEDBCE000584D4 /* YNScaleView.swift */,
				401F4FB51C02C92A00F45EBA /* YNSelectAreaViewController.swift */,
			);
			path = subControllers;
			sourceTree = "<group>";
		};
		40E939E21BD9CDC8001A5D35 /* controllers */ = {
			isa = PBXGroup;
			children = (
				407F6B581C3BACD300EDDC2F /* mine write warning */,
				40D70F001C22661800672A10 /* my answers */,
				40D70F011C22661800672A10 /* my questions */,
				40E236FC1BFD773200321B12 /* my subscription */,
				409A97191BF9C07800F94BB1 /* my watchlist */,
				40E939E31BD9CDC8001A5D35 /* persional setting */,
				40E939EA1BD9CDC8001A5D35 /* setting */,
			);
			path = controllers;
			sourceTree = "<group>";
		};
		40E939E31BD9CDC8001A5D35 /* persional setting */ = {
			isa = PBXGroup;
			children = (
				40E939E91BD9CDC8001A5D35 /* YNPersionalSettingTableViewController.swift */,
				4003F7751BDF2F5400137258 /* controller */,
				4003F77C1BDF2F5400137258 /* model */,
				4003F77D1BDF2F5400137258 /* tool */,
				4003F77F1BDF2F5400137258 /* view */,
			);
			path = "persional setting";
			sourceTree = "<group>";
		};
		40E939EA1BD9CDC8001A5D35 /* setting */ = {
			isa = PBXGroup;
			children = (
				40E939EB1BD9CDC8001A5D35 /* YNSettingTableViewController.swift */,
				407F6B5D1C3BB80500EDDC2F /* YNMotifyPasswordViewController.swift */,
			);
			path = setting;
			sourceTree = "<group>";
		};
		40ED43431BC60A28004713C9 = {
			isa = PBXGroup;
			children = (
				40ED434E1BC60A28004713C9 /* nongjitong */,
				40ED43631BC60A28004713C9 /* nongjitongTests */,
				40ED436E1BC60A28004713C9 /* nongjitongUITests */,
				40ED434D1BC60A28004713C9 /* Products */,
			);
			sourceTree = "<group>";
		};
		40ED434D1BC60A28004713C9 /* Products */ = {
			isa = PBXGroup;
			children = (
				40ED434C1BC60A28004713C9 /* nongjitong.app */,
				40ED43601BC60A28004713C9 /* nongjitongTests.xctest */,
				40ED436B1BC60A28004713C9 /* nongjitongUITests.xctest */,
			);
			name = Products;
			sourceTree = "<group>";
		};
		40ED434E1BC60A28004713C9 /* nongjitong */ = {
			isa = PBXGroup;
			children = (
				40ED438A1BC6119D004713C9 /* class */,
				40ED437D1BC60B76004713C9 /* tools */,
				401CCAEF1BD0E98D00023F66 /* data */,
				4048E3F51C2B9F670035C415 /* Supporting Files */,
			);
			path = nongjitong;
			sourceTree = "<group>";
		};
		40ED43631BC60A28004713C9 /* nongjitongTests */ = {
			isa = PBXGroup;
			children = (
				40ED43641BC60A28004713C9 /* nongjitongTests.swift */,
				40ED43661BC60A28004713C9 /* Info.plist */,
			);
			path = nongjitongTests;
			sourceTree = "<group>";
		};
		40ED436E1BC60A28004713C9 /* nongjitongUITests */ = {
			isa = PBXGroup;
			children = (
				40ED436F1BC60A28004713C9 /* nongjitongUITests.swift */,
				40ED43711BC60A28004713C9 /* Info.plist */,
			);
			path = nongjitongUITests;
			sourceTree = "<group>";
		};
		40ED437D1BC60B76004713C9 /* tools */ = {
			isa = PBXGroup;
			children = (
				40ED43801BC60B76004713C9 /* Macro.swift */,
				40ED43811BC60B76004713C9 /* Network.swift */,
				40ED437E1BC60B76004713C9 /* Layout.swift */,
				40ED43821BC60B76004713C9 /* progressHUD.swift */,
				40ED437F1BC60B76004713C9 /* Location.swift */,
				40ED43831BC60B76004713C9 /* tools.swift */,
				40ED43AD1BC65EA7004713C9 /* YNExchangeRootController.swift */,
			);
			path = tools;
			sourceTree = "<group>";
		};
		40ED438A1BC6119D004713C9 /* class */ = {
			isa = PBXGroup;
			children = (
				409A97161BF9824000F94BB1 /* question */,
				40ED43991BC618DF004713C9 /* root */,
				40ED43951BC61556004713C9 /* home */,
				40ED43931BC61556004713C9 /* earlyWaring */,
				40ED43961BC61556004713C9 /* me */,
				40ED43901BC61390004713C9 /* extension */,
				40ED438B1BC612F9004713C9 /* sign up and sign in */,
			);
			path = class;
			sourceTree = "<group>";
		};
		40ED438B1BC612F9004713C9 /* sign up and sign in */ = {
			isa = PBXGroup;
			children = (
				40ED438C1BC612F9004713C9 /* YNSignInViewController.swift */,
				40ED438D1BC612F9004713C9 /* YNSignUpViewController.swift */,
				40A168F61BEB3E82001E3C76 /* YNAddUserInformationTableViewController.swift */,
				40ED43A81BC64D20004713C9 /* model */,
			);
			path = "sign up and sign in";
			sourceTree = "<group>";
		};
		40ED43901BC61390004713C9 /* extension */ = {
			isa = PBXGroup;
			children = (
				40ED43911BC613C3004713C9 /* YNTestFiledExtension.swift */,
				4092048D1C0FFCAF00CA30CF /* UIImageViewExtension.swift */,
				40D70F061C22A63700672A10 /* YNDateExtension.swift */,
			);
			path = extension;
			sourceTree = "<group>";
		};
		40ED43931BC61556004713C9 /* earlyWaring */ = {
			isa = PBXGroup;
			children = (
				40ED43A01BC61AF5004713C9 /* YNEarlyWaringViewController.swift */,
				40DEA7E11C3A5EC400BEB608 /* YNEarlyToMyProgramModel.swift */,
				40DEA7E31C3A60E300BEB608 /* YNSubscribeModel.swift */,
				40DEA7E51C3A75A000BEB608 /* YNEarlyOtherSubscribeCell.swift */,
				40DEA7E71C3A7E5400BEB608 /* YNCheckMyProogramViewController.swift */,
				40DEA7E91C3A89FD00BEB608 /* YNWriteProgramToOtherViewController.swift */,
			);
			path = earlyWaring;
			sourceTree = "<group>";
		};
		40ED43951BC61556004713C9 /* home */ = {
			isa = PBXGroup;
			children = (
				40E0397F1BF5C5A8007FFF2A /* YNNearbyViewController.swift */,
				40ED439E1BC61ADE004713C9 /* YNHomeViewController.swift */,
				40E0397D1BF5C5A4007FFF2A /* YNNearbyTitleView.swift */,
				4048E3F61C2BAB400035C415 /* YNHttpNearBy.swift */,
				4048E3FA1C2BBEDB0035C415 /* YNNearByModel.swift */,
				40F30F4A1C2CFDD900EA1B95 /* YNNearByQuestionView.swift */,
				40E039811BF5C5F4007FFF2A /* location */,
				40FA6FEF1BD4DF0800CFE69C /* conreoller */,
				40FA6FF01BD4DF0800CFE69C /* model */,
				40FA6FF11BD4DF0800CFE69C /* view */,
			);
			path = home;
			sourceTree = "<group>";
		};
		40ED43961BC61556004713C9 /* me */ = {
			isa = PBXGroup;
			children = (
				40ED43AF1BC66490004713C9 /* YNMeTableViewController.swift */,
				40E939E21BD9CDC8001A5D35 /* controllers */,
				401CCAEB1BD0DAD900023F66 /* model */,
				401CCAEC1BD0DAD900023F66 /* views */,
			);
			path = me;
			sourceTree = "<group>";
		};
		40ED43991BC618DF004713C9 /* root */ = {
			isa = PBXGroup;
			children = (
				405177811BF4498700B119CA /* YNNJTTabBar.swift */,
				40ED439A1BC61A56004713C9 /* YNTabBarController.swift */,
				40ED439C1BC61A75004713C9 /* YNNavigationController.swift */,
				40ED43A61BC64A57004713C9 /* YNBaseParamater.swift */,
			);
			path = root;
			sourceTree = "<group>";
		};
		40ED43A81BC64D20004713C9 /* model */ = {
			isa = PBXGroup;
			children = (
				40ED43A91BC64D7F004713C9 /* YNSignUpModel.swift */,
			);
			path = model;
			sourceTree = "<group>";
		};
		40F830E11BD781CB00C1F0BB /* view */ = {
			isa = PBXGroup;
			children = (
				40F830E21BD781F500C1F0BB /* YNSearchResaultCell.swift */,
				40D5729B1BD88EA000E19A12 /* YNResaultLoadModeCell.swift */,
				40DEA7D91C3A22E300BEB608 /* YNSearchSolutionCell.swift */,
			);
			path = view;
			sourceTree = "<group>";
		};
		40F830E41BD7878A00C1F0BB /* controllers */ = {
			isa = PBXGroup;
			children = (
				40DEA7DD1C3A372B00BEB608 /* YNAnswerQuestionViewController.swift */,
				40F830E51BD787B600C1F0BB /* YNSearchResaultDetailViewController.swift */,
				40DEA7D51C3A187F00BEB608 /* YNSearchResaultQuestionViewController.swift */,
				40DEA7D71C3A21A800BEB608 /* YNSearchResaultSolutionViewController.swift */,
				40DEA7DF1C3A509400BEB608 /* YNSolutionDetailsViewController.swift */,
			);
			path = controllers;
			sourceTree = "<group>";
		};
		40FA6FEF1BD4DF0800CFE69C /* conreoller */ = {
			isa = PBXGroup;
			children = (
				4010A6841C30D91500A38075 /* offine help */,
				4048E3FC1C2BDEBF0035C415 /* introduce page */,
				40BAB2851BE36AF1008E5F77 /* ask question */,
				40292E4C1BD630E80028F87C /* search */,
			);
			path = conreoller;
			sourceTree = "<group>";
		};
		40FA6FF01BD4DF0800CFE69C /* model */ = {
			isa = PBXGroup;
			children = (
			);
			path = model;
			sourceTree = "<group>";
		};
		40FA6FF11BD4DF0800CFE69C /* view */ = {
			isa = PBXGroup;
			children = (
				40FA6FF21BD4DF6000CFE69C /* YNSearchAndQuestionCell.swift */,
				40FA6FF41BD4E61500CFE69C /* YNNewQuestionHeaderView.swift */,
			);
			path = view;
			sourceTree = "<group>";
		};
/* End PBXGroup section */

/* Begin PBXNativeTarget section */
		40ED434B1BC60A28004713C9 /* nongjitong */ = {
			isa = PBXNativeTarget;
			buildConfigurationList = 40ED43741BC60A28004713C9 /* Build configuration list for PBXNativeTarget "nongjitong" */;
			buildPhases = (
				40ED43481BC60A28004713C9 /* Sources */,
				40ED43491BC60A28004713C9 /* Frameworks */,
				40ED434A1BC60A28004713C9 /* Resources */,
			);
			buildRules = (
			);
			dependencies = (
			);
			name = nongjitong;
			productName = nongjitong;
			productReference = 40ED434C1BC60A28004713C9 /* nongjitong.app */;
			productType = "com.apple.product-type.application";
		};
		40ED435F1BC60A28004713C9 /* nongjitongTests */ = {
			isa = PBXNativeTarget;
			buildConfigurationList = 40ED43771BC60A28004713C9 /* Build configuration list for PBXNativeTarget "nongjitongTests" */;
			buildPhases = (
				40ED435C1BC60A28004713C9 /* Sources */,
				40ED435D1BC60A28004713C9 /* Frameworks */,
				40ED435E1BC60A28004713C9 /* Resources */,
			);
			buildRules = (
			);
			dependencies = (
				40ED43621BC60A28004713C9 /* PBXTargetDependency */,
			);
			name = nongjitongTests;
			productName = nongjitongTests;
			productReference = 40ED43601BC60A28004713C9 /* nongjitongTests.xctest */;
			productType = "com.apple.product-type.bundle.unit-test";
		};
		40ED436A1BC60A28004713C9 /* nongjitongUITests */ = {
			isa = PBXNativeTarget;
			buildConfigurationList = 40ED437A1BC60A28004713C9 /* Build configuration list for PBXNativeTarget "nongjitongUITests" */;
			buildPhases = (
				40ED43671BC60A28004713C9 /* Sources */,
				40ED43681BC60A28004713C9 /* Frameworks */,
				40ED43691BC60A28004713C9 /* Resources */,
			);
			buildRules = (
			);
			dependencies = (
				40ED436D1BC60A28004713C9 /* PBXTargetDependency */,
			);
			name = nongjitongUITests;
			productName = nongjitongUITests;
			productReference = 40ED436B1BC60A28004713C9 /* nongjitongUITests.xctest */;
			productType = "com.apple.product-type.bundle.ui-testing";
		};
/* End PBXNativeTarget section */

/* Begin PBXProject section */
		40ED43441BC60A28004713C9 /* Project object */ = {
			isa = PBXProject;
			attributes = {
				LastUpgradeCheck = 0700;
				ORGANIZATIONNAME = "农盟";
				TargetAttributes = {
					40ED434B1BC60A28004713C9 = {
						CreatedOnToolsVersion = 7.0.1;
						DevelopmentTeam = JML588N2LF;
					};
					40ED435F1BC60A28004713C9 = {
						CreatedOnToolsVersion = 7.0.1;
						TestTargetID = 40ED434B1BC60A28004713C9;
					};
					40ED436A1BC60A28004713C9 = {
						CreatedOnToolsVersion = 7.0.1;
						TestTargetID = 40ED434B1BC60A28004713C9;
					};
				};
			};
			buildConfigurationList = 40ED43471BC60A28004713C9 /* Build configuration list for PBXProject "nongjitong" */;
			compatibilityVersion = "Xcode 3.2";
			developmentRegion = English;
			hasScannedForEncodings = 0;
			knownRegions = (
				en,
				Base,
			);
			mainGroup = 40ED43431BC60A28004713C9;
			productRefGroup = 40ED434D1BC60A28004713C9 /* Products */;
			projectDirPath = "";
			projectRoot = "";
			targets = (
				40ED434B1BC60A28004713C9 /* nongjitong */,
				40ED435F1BC60A28004713C9 /* nongjitongTests */,
				40ED436A1BC60A28004713C9 /* nongjitongUITests */,
			);
		};
/* End PBXProject section */

/* Begin PBXResourcesBuildPhase section */
		40ED434A1BC60A28004713C9 /* Resources */ = {
			isa = PBXResourcesBuildPhase;
			buildActionMask = 2147483647;
			files = (
				401CCAF31BD0E9A700023F66 /* areaList.plist in Resources */,
				40ED43571BC60A28004713C9 /* Assets.xcassets in Resources */,
				40ED43551BC60A28004713C9 /* Main.storyboard in Resources */,
				40292E4B1BD5F7840028F87C /* LaunchScreen.storyboard in Resources */,
				401CCAF21BD0E9A700023F66 /* cityData.plist in Resources */,
			);
			runOnlyForDeploymentPostprocessing = 0;
		};
		40ED435E1BC60A28004713C9 /* Resources */ = {
			isa = PBXResourcesBuildPhase;
			buildActionMask = 2147483647;
			files = (
			);
			runOnlyForDeploymentPostprocessing = 0;
		};
		40ED43691BC60A28004713C9 /* Resources */ = {
			isa = PBXResourcesBuildPhase;
			buildActionMask = 2147483647;
			files = (
			);
			runOnlyForDeploymentPostprocessing = 0;
		};
/* End PBXResourcesBuildPhase section */

/* Begin PBXSourcesBuildPhase section */
		40ED43481BC60A28004713C9 /* Sources */ = {
			isa = PBXSourcesBuildPhase;
			buildActionMask = 2147483647;
			files = (
				401AD68D1BF03AAB00E747BF /* YNCategoryTableViewCell.swift in Sources */,
				40983C8D1BFB256700EA2B04 /* YNSelectedProductModel.swift in Sources */,
				40E039891BF5C5F4007FFF2A /* YNCallOutAnnotationView.swift in Sources */,
				40E0397E1BF5C5A4007FFF2A /* YNNearbyTitleView.swift in Sources */,
				4043A4A91C1141E400F1F669 /* YNQuestionDetailViewController.swift in Sources */,
				40E5ED1B1C17C3B100897799 /* YNInputView.swift in Sources */,
				402BF81B1C06EB7C00A62614 /* YNHttpQuestion.swift in Sources */,
				40292E4E1BD6311B0028F87C /* YNSearchViewController.swift in Sources */,
				40ED43B01BC66490004713C9 /* YNMeTableViewController.swift in Sources */,
				4048E3F71C2BAB400035C415 /* YNHttpNearBy.swift in Sources */,
				40ED43921BC613C3004713C9 /* YNTestFiledExtension.swift in Sources */,
				40B650FC1BFC26C70019E7FD /* YNQuestionCollectionViewCell.swift in Sources */,
				40D5729C1BD88EA000E19A12 /* YNResaultLoadModeCell.swift in Sources */,
				40519C5B1BD74B2F00A8BE65 /* YNSearchResaultModel.swift in Sources */,
				40E0398B1BF5C5F4007FFF2A /* YNLocationAnnotation.swift in Sources */,
				40B1CEE71BE5F97200D42187 /* YNAskQuestionLocationCollectionViewCell.swift in Sources */,
				40B1CEE31BE5F93400D42187 /* YNAskQuestionTextCollectionViewCell.swift in Sources */,
				40ED43A11BC61AF5004713C9 /* YNEarlyWaringViewController.swift in Sources */,
				40A066781BE85A5D00027D04 /* YNFinishInputView.swift in Sources */,
				40DEA7D81C3A21A800BEB608 /* YNSearchResaultSolutionViewController.swift in Sources */,
				40DEA7DA1C3A22E300BEB608 /* YNSearchSolutionCell.swift in Sources */,
				40DDBCE41C0C3A5B0007211A /* YNQuestionModel.swift in Sources */,
				40DEA7E21C3A5EC400BEB608 /* YNEarlyToMyProgramModel.swift in Sources */,
				404E0BB01C1696D500924D5A /* YNAnswerModel.swift in Sources */,
				4048E3FB1C2BBEDB0035C415 /* YNNearByModel.swift in Sources */,
				401AD6931BF0522200E747BF /* YNCategoeyModel.swift in Sources */,
				40F830E61BD787B600C1F0BB /* YNSearchResaultDetailViewController.swift in Sources */,
				4010A6861C30DDF700A38075 /* YNOfflineQuestionListViewController.swift in Sources */,
				40317DBC1BF1A22600921B8D /* YNHttpAskQuestion.swift in Sources */,
				409A971B1BF9C09100F94BB1 /* YNMyWatchListViewController.swift in Sources */,
				401AD68F1BF04BC500E747BF /* YNProductCollectionViewCell.swift in Sources */,
				40E939EF1BD9CDC8001A5D35 /* YNPersionalSettingTableViewController.swift in Sources */,
				40E2370D1BFDCC0100321B12 /* YNAddSubscriptionTableViewCell.swift in Sources */,
				401CCAEE1BD0DB7F00023F66 /* YNBaseModel.swift in Sources */,
				40DEA7EA1C3A89FD00BEB608 /* YNWriteProgramToOtherViewController.swift in Sources */,
				40ED438F1BC612F9004713C9 /* YNSignUpViewController.swift in Sources */,
				40D70F051C22666700672A10 /* YNMyQuestionsViewController.swift in Sources */,
				40E039801BF5C5A8007FFF2A /* YNNearbyViewController.swift in Sources */,
				40B1CEE51BE5F95700D42187 /* YNAskQuestionImageCollectionViewCell.swift in Sources */,
				401AD6911BF04E5400E747BF /* YNHttpLoadCategory.swift in Sources */,
				40F30F4B1C2CFDD900EA1B95 /* YNNearByQuestionView.swift in Sources */,
				40983C8B1BFB1CDD00EA2B04 /* YNWatchHttp.swift in Sources */,
				40FA6FF31BD4DF6000CFE69C /* YNSearchAndQuestionCell.swift in Sources */,
				405177821BF4498700B119CA /* YNNJTTabBar.swift in Sources */,
				4092048E1C0FFCAF00CA30CF /* UIImageViewExtension.swift in Sources */,
				4048E3FE1C2BDEF20035C415 /* YNUserIntroduceViewController.swift in Sources */,
				4003F7821BDF2F5400137258 /* YNProvinceTableViewController.swift in Sources */,
				40DEA7E61C3A75A000BEB608 /* YNEarlyOtherSubscribeCell.swift in Sources */,
				4003F7881BDF625800137258 /* YNBaseCityModel.swift in Sources */,
				40FA6FF51BD4E61500CFE69C /* YNNewQuestionHeaderView.swift in Sources */,
				40ED43881BC60B76004713C9 /* progressHUD.swift in Sources */,
				40ED43501BC60A28004713C9 /* AppDelegate.swift in Sources */,
				407F6B5E1C3BB80500EDDC2F /* YNMotifyPasswordViewController.swift in Sources */,
				40DEA7D61C3A187F00BEB608 /* YNSearchResaultQuestionViewController.swift in Sources */,
				40ED43871BC60B76004713C9 /* Network.swift in Sources */,
				40D70EFF1C22573400672A10 /* YNAskQuestionModel.swift in Sources */,
				401F4FB61C02C92A00F45EBA /* YNSelectAreaViewController.swift in Sources */,
				40ED43851BC60B76004713C9 /* Location.swift in Sources */,
				40E237051BFD9B4200321B12 /* YNAddSubscriptionViewController.swift in Sources */,
				40E039871BF5C5F4007FFF2A /* YNBaseAnnotation.swift in Sources */,
				40E039881BF5C5F4007FFF2A /* YNCallOutAnnotation.swift in Sources */,
				40C6B5411C34D485003004C5 /* YNSearchCatagoryModel.swift in Sources */,
				40F830E31BD781F500C1F0BB /* YNSearchResaultCell.swift in Sources */,
				404E0BB61C16A7CB00924D5A /* YNAnswerTableViewCell.swift in Sources */,
				40ED43841BC60B76004713C9 /* Layout.swift in Sources */,
				40DEA7DE1C3A372B00BEB608 /* YNAnswerQuestionViewController.swift in Sources */,
				407F6B5C1C3BB31D00EDDC2F /* MYWaringDetailViewController.swift in Sources */,
				40E1C9041C23F8D700F054AE /* YNQuestionAnswerTableViewCell.swift in Sources */,
				407F6B5A1C3BACEE00EDDC2F /* YNMYWriteWaringViewController.swift in Sources */,
				40ED438E1BC612F9004713C9 /* YNSignInViewController.swift in Sources */,
				40E268471C2A46EC00E17B13 /* YNHttpMyQuestion.swift in Sources */,
				40519C591BD7312300A8BE65 /* YNSearchParamater.swift in Sources */,
				406CBBEC1BFEDBCE000584D4 /* YNScaleView.swift in Sources */,
				40E939F01BD9CDC8001A5D35 /* YNSettingTableViewController.swift in Sources */,
				4003F7861BDF2F9600137258 /* YNUserInformationModel.swift in Sources */,
				400FFC091C0ED9D10039B653 /* YNQuestionModelConstant.swift in Sources */,
				40E237091BFDC91600321B12 /* YNSubscriptionModel.swift in Sources */,
				401CCAF51BD0EB1E00023F66 /* YNCityModel.swift in Sources */,
				401F4FB81C030A4400F45EBA /* YNHttpSubscription.swift in Sources */,
				40B5B2891BEC80BC008E5F77 /* YNSelectedCategoryViewController.swift in Sources */,
				40DEA7DC1C3A244E00BEB608 /* YNSearchSolutionListModel.swift in Sources */,
				40DEA7E01C3A509400BEB608 /* YNSolutionDetailsViewController.swift in Sources */,
				404E0BAE1C1690B100924D5A /* YNHttpAswerQuestion.swift in Sources */,
				40E237021BFD854B00321B12 /* YNSunscriptionTableViewCell.swift in Sources */,
				404E0BB21C16A01200924D5A /* YNNewAnswerQuestionViewController.swift in Sources */,
				40ED43861BC60B76004713C9 /* Macro.swift in Sources */,
				40ED43891BC60B76004713C9 /* tools.swift in Sources */,
				406805AE1C324E9C009FC170 /* YNNewSearchViewController.swift in Sources */,
				408BE8A81C294BFA00B980AD /* YNMYQuestionTableViewCell.swift in Sources */,
				406732AB1BFC56570071F6EA /* YNQuestionTableViewCell.swift in Sources */,
				40E236FE1BFD782400321B12 /* YNMySubscriptionViewController.swift in Sources */,
				409A97181BF9827000F94BB1 /* YNQuestionViewController.swift in Sources */,
				4003F7801BDF2F5400137258 /* YNCityTableViewController.swift in Sources */,
				40ED43AE1BC65EA7004713C9 /* YNExchangeRootController.swift in Sources */,
				40ED43A71BC64A57004713C9 /* YNBaseParamater.swift in Sources */,
				408BE0541BE704CD00A210A4 /* YNTextView.swift in Sources */,
				40A168F71BEB3E82001E3C76 /* YNAddUserInformationTableViewController.swift in Sources */,
				4003F7841BDF2F5400137258 /* YNHttpTool.swift in Sources */,
				40983C891BFAEDB400EA2B04 /* YNWatchProductTableViewCell.swift in Sources */,
				40ED43AA1BC64D7F004713C9 /* YNSignUpModel.swift in Sources */,
				40ED439D1BC61A75004713C9 /* YNNavigationController.swift in Sources */,
				40D70F071C22A63700672A10 /* YNDateExtension.swift in Sources */,
				40ED439B1BC61A56004713C9 /* YNTabBarController.swift in Sources */,
				40E0398A1BF5C5F4007FFF2A /* YNCalloutContentView.swift in Sources */,
				40DEA7E81C3A7E5400BEB608 /* YNCheckMyProogramViewController.swift in Sources */,
				40B1CEE11BE5CE5B00D42187 /* YNAskQuestionViewController.swift in Sources */,
				4003F7831BDF2F5400137258 /* YNModifytextViewController.swift in Sources */,
				40ED439F1BC61ADE004713C9 /* YNHomeViewController.swift in Sources */,
				40DEA7E41C3A60E300BEB608 /* YNSubscribeModel.swift in Sources */,
				4003F7811BDF2F5400137258 /* YNHTTPGetCityTool.swift in Sources */,
				40D5729E1BD8A4C500E19A12 /* YNSearchResaultDetailModel.swift in Sources */,
				409A971D1BF9C5AE00F94BB1 /* YNWatchCollectionViewCell.swift in Sources */,
				40E1C9021C23B80800F054AE /* YNHttpQuestionDetail.swift in Sources */,
			);
			runOnlyForDeploymentPostprocessing = 0;
		};
		40ED435C1BC60A28004713C9 /* Sources */ = {
			isa = PBXSourcesBuildPhase;
			buildActionMask = 2147483647;
			files = (
				40ED43651BC60A28004713C9 /* nongjitongTests.swift in Sources */,
			);
			runOnlyForDeploymentPostprocessing = 0;
		};
		40ED43671BC60A28004713C9 /* Sources */ = {
			isa = PBXSourcesBuildPhase;
			buildActionMask = 2147483647;
			files = (
				40ED43701BC60A28004713C9 /* nongjitongUITests.swift in Sources */,
			);
			runOnlyForDeploymentPostprocessing = 0;
		};
/* End PBXSourcesBuildPhase section */

/* Begin PBXTargetDependency section */
		40ED43621BC60A28004713C9 /* PBXTargetDependency */ = {
			isa = PBXTargetDependency;
			target = 40ED434B1BC60A28004713C9 /* nongjitong */;
			targetProxy = 40ED43611BC60A28004713C9 /* PBXContainerItemProxy */;
		};
		40ED436D1BC60A28004713C9 /* PBXTargetDependency */ = {
			isa = PBXTargetDependency;
			target = 40ED434B1BC60A28004713C9 /* nongjitong */;
			targetProxy = 40ED436C1BC60A28004713C9 /* PBXContainerItemProxy */;
		};
/* End PBXTargetDependency section */

/* Begin PBXVariantGroup section */
		40292E491BD5F7840028F87C /* LaunchScreen.storyboard */ = {
			isa = PBXVariantGroup;
			children = (
				40292E4A1BD5F7840028F87C /* Base */,
			);
			name = LaunchScreen.storyboard;
			sourceTree = "<group>";
		};
		40ED43531BC60A28004713C9 /* Main.storyboard */ = {
			isa = PBXVariantGroup;
			children = (
				40ED43541BC60A28004713C9 /* Base */,
			);
			name = Main.storyboard;
			sourceTree = "<group>";
		};
/* End PBXVariantGroup section */

/* Begin XCBuildConfiguration section */
		40ED43721BC60A28004713C9 /* Debug */ = {
			isa = XCBuildConfiguration;
			buildSettings = {
				ALWAYS_SEARCH_USER_PATHS = NO;
				CLANG_CXX_LANGUAGE_STANDARD = "gnu++0x";
				CLANG_CXX_LIBRARY = "libc++";
				CLANG_ENABLE_MODULES = YES;
				CLANG_ENABLE_OBJC_ARC = YES;
				CLANG_WARN_BOOL_CONVERSION = YES;
				CLANG_WARN_CONSTANT_CONVERSION = YES;
				CLANG_WARN_DIRECT_OBJC_ISA_USAGE = YES_ERROR;
				CLANG_WARN_EMPTY_BODY = YES;
				CLANG_WARN_ENUM_CONVERSION = YES;
				CLANG_WARN_INT_CONVERSION = YES;
				CLANG_WARN_OBJC_ROOT_CLASS = YES_ERROR;
				CLANG_WARN_UNREACHABLE_CODE = YES;
				CLANG_WARN__DUPLICATE_METHOD_MATCH = YES;
				"CODE_SIGN_IDENTITY[sdk=iphoneos*]" = "iPhone Developer";
				COPY_PHASE_STRIP = NO;
				DEBUG_INFORMATION_FORMAT = dwarf;
				ENABLE_STRICT_OBJC_MSGSEND = YES;
				ENABLE_TESTABILITY = YES;
				GCC_C_LANGUAGE_STANDARD = gnu99;
				GCC_DYNAMIC_NO_PIC = NO;
				GCC_NO_COMMON_BLOCKS = YES;
				GCC_OPTIMIZATION_LEVEL = 0;
				GCC_PREPROCESSOR_DEFINITIONS = (
					"DEBUG=1",
					"$(inherited)",
				);
				GCC_WARN_64_TO_32_BIT_CONVERSION = YES;
				GCC_WARN_ABOUT_RETURN_TYPE = YES_ERROR;
				GCC_WARN_UNDECLARED_SELECTOR = YES;
				GCC_WARN_UNINITIALIZED_AUTOS = YES_AGGRESSIVE;
				GCC_WARN_UNUSED_FUNCTION = YES;
				GCC_WARN_UNUSED_VARIABLE = YES;
				IPHONEOS_DEPLOYMENT_TARGET = 9.0;
				MTL_ENABLE_DEBUG_INFO = YES;
				ONLY_ACTIVE_ARCH = YES;
				SDKROOT = iphoneos;
				SWIFT_OPTIMIZATION_LEVEL = "-Onone";
				TARGETED_DEVICE_FAMILY = "1,2";
			};
			name = Debug;
		};
		40ED43731BC60A28004713C9 /* Release */ = {
			isa = XCBuildConfiguration;
			buildSettings = {
				ALWAYS_SEARCH_USER_PATHS = NO;
				CLANG_CXX_LANGUAGE_STANDARD = "gnu++0x";
				CLANG_CXX_LIBRARY = "libc++";
				CLANG_ENABLE_MODULES = YES;
				CLANG_ENABLE_OBJC_ARC = YES;
				CLANG_WARN_BOOL_CONVERSION = YES;
				CLANG_WARN_CONSTANT_CONVERSION = YES;
				CLANG_WARN_DIRECT_OBJC_ISA_USAGE = YES_ERROR;
				CLANG_WARN_EMPTY_BODY = YES;
				CLANG_WARN_ENUM_CONVERSION = YES;
				CLANG_WARN_INT_CONVERSION = YES;
				CLANG_WARN_OBJC_ROOT_CLASS = YES_ERROR;
				CLANG_WARN_UNREACHABLE_CODE = YES;
				CLANG_WARN__DUPLICATE_METHOD_MATCH = YES;
				"CODE_SIGN_IDENTITY[sdk=iphoneos*]" = "iPhone Developer";
				COPY_PHASE_STRIP = NO;
				DEBUG_INFORMATION_FORMAT = "dwarf-with-dsym";
				ENABLE_NS_ASSERTIONS = NO;
				ENABLE_STRICT_OBJC_MSGSEND = YES;
				GCC_C_LANGUAGE_STANDARD = gnu99;
				GCC_NO_COMMON_BLOCKS = YES;
				GCC_WARN_64_TO_32_BIT_CONVERSION = YES;
				GCC_WARN_ABOUT_RETURN_TYPE = YES_ERROR;
				GCC_WARN_UNDECLARED_SELECTOR = YES;
				GCC_WARN_UNINITIALIZED_AUTOS = YES_AGGRESSIVE;
				GCC_WARN_UNUSED_FUNCTION = YES;
				GCC_WARN_UNUSED_VARIABLE = YES;
				IPHONEOS_DEPLOYMENT_TARGET = 9.0;
				MTL_ENABLE_DEBUG_INFO = NO;
				SDKROOT = iphoneos;
				TARGETED_DEVICE_FAMILY = "1,2";
				VALIDATE_PRODUCT = YES;
			};
			name = Release;
		};
		40ED43751BC60A28004713C9 /* Debug */ = {
			isa = XCBuildConfiguration;
			buildSettings = {
				ASSETCATALOG_COMPILER_APPICON_NAME = AppIcon;
				ASSETCATALOG_COMPILER_LAUNCHIMAGE_NAME = LaunchImage;
				CODE_SIGN_IDENTITY = "iPhone Developer";
				"CODE_SIGN_IDENTITY[sdk=iphoneos*]" = "iPhone Developer";
				INFOPLIST_FILE = nongjitong/Info.plist;
				IPHONEOS_DEPLOYMENT_TARGET = 7.0;
				LD_RUNPATH_SEARCH_PATHS = "$(inherited) @executable_path/Frameworks";
				PRODUCT_BUNDLE_IDENTIFIER = sd.nongjitong;
				PRODUCT_NAME = "$(TARGET_NAME)";
				PROVISIONING_PROFILE = "";
			};
			name = Debug;
		};
		40ED43761BC60A28004713C9 /* Release */ = {
			isa = XCBuildConfiguration;
			buildSettings = {
				ASSETCATALOG_COMPILER_APPICON_NAME = AppIcon;
				ASSETCATALOG_COMPILER_LAUNCHIMAGE_NAME = LaunchImage;
				CODE_SIGN_IDENTITY = "iPhone Developer";
				"CODE_SIGN_IDENTITY[sdk=iphoneos*]" = "iPhone Developer";
				INFOPLIST_FILE = nongjitong/Info.plist;
				IPHONEOS_DEPLOYMENT_TARGET = 7.0;
				LD_RUNPATH_SEARCH_PATHS = "$(inherited) @executable_path/Frameworks";
				PRODUCT_BUNDLE_IDENTIFIER = sd.nongjitong;
				PRODUCT_NAME = "$(TARGET_NAME)";
				PROVISIONING_PROFILE = "";
			};
			name = Release;
		};
		40ED43781BC60A28004713C9 /* Debug */ = {
			isa = XCBuildConfiguration;
			buildSettings = {
				BUNDLE_LOADER = "$(TEST_HOST)";
				INFOPLIST_FILE = nongjitongTests/Info.plist;
				LD_RUNPATH_SEARCH_PATHS = "$(inherited) @executable_path/Frameworks @loader_path/Frameworks";
				PRODUCT_BUNDLE_IDENTIFIER = sd.nongjitongTests;
				PRODUCT_NAME = "$(TARGET_NAME)";
				TEST_HOST = "$(BUILT_PRODUCTS_DIR)/nongjitong.app/nongjitong";
			};
			name = Debug;
		};
		40ED43791BC60A28004713C9 /* Release */ = {
			isa = XCBuildConfiguration;
			buildSettings = {
				BUNDLE_LOADER = "$(TEST_HOST)";
				INFOPLIST_FILE = nongjitongTests/Info.plist;
				LD_RUNPATH_SEARCH_PATHS = "$(inherited) @executable_path/Frameworks @loader_path/Frameworks";
				PRODUCT_BUNDLE_IDENTIFIER = sd.nongjitongTests;
				PRODUCT_NAME = "$(TARGET_NAME)";
				TEST_HOST = "$(BUILT_PRODUCTS_DIR)/nongjitong.app/nongjitong";
			};
			name = Release;
		};
		40ED437B1BC60A28004713C9 /* Debug */ = {
			isa = XCBuildConfiguration;
			buildSettings = {
				INFOPLIST_FILE = nongjitongUITests/Info.plist;
				LD_RUNPATH_SEARCH_PATHS = "$(inherited) @executable_path/Frameworks @loader_path/Frameworks";
				PRODUCT_BUNDLE_IDENTIFIER = sd.nongjitongUITests;
				PRODUCT_NAME = "$(TARGET_NAME)";
				TEST_TARGET_NAME = nongjitong;
				USES_XCTRUNNER = YES;
			};
			name = Debug;
		};
		40ED437C1BC60A28004713C9 /* Release */ = {
			isa = XCBuildConfiguration;
			buildSettings = {
				INFOPLIST_FILE = nongjitongUITests/Info.plist;
				LD_RUNPATH_SEARCH_PATHS = "$(inherited) @executable_path/Frameworks @loader_path/Frameworks";
				PRODUCT_BUNDLE_IDENTIFIER = sd.nongjitongUITests;
				PRODUCT_NAME = "$(TARGET_NAME)";
				TEST_TARGET_NAME = nongjitong;
				USES_XCTRUNNER = YES;
			};
			name = Release;
		};
/* End XCBuildConfiguration section */

/* Begin XCConfigurationList section */
		40ED43471BC60A28004713C9 /* Build configuration list for PBXProject "nongjitong" */ = {
			isa = XCConfigurationList;
			buildConfigurations = (
				40ED43721BC60A28004713C9 /* Debug */,
				40ED43731BC60A28004713C9 /* Release */,
			);
			defaultConfigurationIsVisible = 0;
			defaultConfigurationName = Release;
		};
		40ED43741BC60A28004713C9 /* Build configuration list for PBXNativeTarget "nongjitong" */ = {
			isa = XCConfigurationList;
			buildConfigurations = (
				40ED43751BC60A28004713C9 /* Debug */,
				40ED43761BC60A28004713C9 /* Release */,
			);
			defaultConfigurationIsVisible = 0;
			defaultConfigurationName = Release;
		};
		40ED43771BC60A28004713C9 /* Build configuration list for PBXNativeTarget "nongjitongTests" */ = {
			isa = XCConfigurationList;
			buildConfigurations = (
				40ED43781BC60A28004713C9 /* Debug */,
				40ED43791BC60A28004713C9 /* Release */,
			);
			defaultConfigurationIsVisible = 0;
			defaultConfigurationName = Release;
		};
		40ED437A1BC60A28004713C9 /* Build configuration list for PBXNativeTarget "nongjitongUITests" */ = {
			isa = XCConfigurationList;
			buildConfigurations = (
				40ED437B1BC60A28004713C9 /* Debug */,
				40ED437C1BC60A28004713C9 /* Release */,
			);
			defaultConfigurationIsVisible = 0;
			defaultConfigurationName = Release;
		};
/* End XCConfigurationList section */
	};
	rootObject = 40ED43441BC60A28004713C9 /* Project object */;
}
